
Microsoft Visual Studio Solution File, Format Version 12.00
# Visual Studio 15
VisualStudioVersion = 15.0.28307.106
MinimumVisualStudioVersion = 10.0.40219.1
Project("{2150E333-8FDC-42A3-9474-1A3956D46DE8}") = "20 Domain", "20 Domain", "{058AFDC2-0EE8-4EF3-AB0B-43A4E63D6C3F}"
EndProject
Project("{2150E333-8FDC-42A3-9474-1A3956D46DE8}") = "30 Client", "30 Client", "{4FA46B82-D96F-4182-811C-6CF278445E09}"
EndProject
Project("{2150E333-8FDC-42A3-9474-1A3956D46DE8}") = "40 Test", "40 Test", "{8E70162D-B6C9-4D64-BC49-35FB5B3DA597}"
EndProject
Project("{2150E333-8FDC-42A3-9474-1A3956D46DE8}") = "22 Entities", "22 Entities", "{D681BDC4-D231-4DD0-BAC4-5BAE9A52FC5A}"
EndProject
Project("{2150E333-8FDC-42A3-9474-1A3956D46DE8}") = "24 Processes", "24 Processes", "{64AA7758-3439-4902-B4DD-38697FDA5494}"
EndProject
Project("{2150E333-8FDC-42A3-9474-1A3956D46DE8}") = "23 Repository", "23 Repository", "{7DCE7332-4F43-44FF-8F92-C24B914A989B}"
EndProject
Project("{2150E333-8FDC-42A3-9474-1A3956D46DE8}") = "31 Background", "31 Background", "{DB197D13-C823-43CD-92CF-C9039DEDAE98}"
EndProject
Project("{2150E333-8FDC-42A3-9474-1A3956D46DE8}") = "32 Web and Api", "32 Web and Api", "{D63A5AF8-685A-44F5-AE02-71E51A02F412}"
EndProject
Project("{9A19103F-16F7-4668-BE54-9A1E7A4F7556}") = "App.Domain.Entities", "..\20 Domain\22 Entities\App.Domain.Entities\App.Domain.Entities.csproj", "{C648F8A8-53DC-457E-87D8-C4B9770CDCA2}"
EndProject
Project("{9A19103F-16F7-4668-BE54-9A1E7A4F7556}") = "App.Domain.Processes", "..\20 Domain\24 Processes\App.Domain.Processes\App.Domain.Processes.csproj", "{BE11431D-414B-4F72-9605-A9B345BB30D5}"
EndProject
Project("{9A19103F-16F7-4668-BE54-9A1E7A4F7556}") = "App.Domain.DataRepository", "..\20 Domain\23 Repository\App.Domain.DataRepository\App.Domain.DataRepository.csproj", "{5EF5D8D3-B135-4641-B63A-0DBF035B009F}"
EndProject
Project("{9A19103F-16F7-4668-BE54-9A1E7A4F7556}") = "App.Domain.DataRepositoryContracts", "..\20 Domain\23 Repository\App.Domain.DataRepositoryContracts\App.Domain.DataRepositoryContracts.csproj", "{7149EAF2-B0B3-41DE-A419-E1B07C090020}"
EndProject
Project("{9A19103F-16F7-4668-BE54-9A1E7A4F7556}") = "App.Domain.Resources", "..\20 Domain\24 Processes\App.Domain.Resources\App.Domain.Resources.csproj", "{78C008CD-2FF8-4367-9029-6AAE35FE59F9}"
EndProject
Project("{9A19103F-16F7-4668-BE54-9A1E7A4F7556}") = "App.Test.Integration", "..\40 Test\App.Test.Integration\App.Test.Integration.csproj", "{9FC620F1-E9F3-4C97-AF6A-87F5583AD445}"
EndProject
Project("{9A19103F-16F7-4668-BE54-9A1E7A4F7556}") = "App.Domain.Configuration", "..\20 Domain\21 Configuration\App.Domain.Configuration\App.Domain.Configuration.csproj", "{82AEF908-4E1A-4071-BBBA-02399404F830}"
EndProject
Project("{2150E333-8FDC-42A3-9474-1A3956D46DE8}") = "33 Migrations", "33 Migrations", "{D17A949E-0E01-424D-8C58-E8AA89D07CE4}"
EndProject
Project("{9A19103F-16F7-4668-BE54-9A1E7A4F7556}") = "App.Client.Migrations", "..\30 Client\33 Migrations\App.Client.Migrations.csproj", "{185F9910-AB09-498A-B03C-A06543AFD3D7}"
EndProject
Project("{2150E333-8FDC-42A3-9474-1A3956D46DE8}") = "21 Configuration", "21 Configuration", "{047908C1-BFE3-4685-BCEC-A869211F72E8}"
EndProject
Project("{9A19103F-16F7-4668-BE54-9A1E7A4F7556}") = "App.Client.Web", "..\30 Client\32 Web and Api\App.Client.Web\App.Client.Web.csproj", "{2C5938FF-B231-433D-978D-848056B20909}"
EndProject
Project("{9A19103F-16F7-4668-BE54-9A1E7A4F7556}") = "App.Client.Background.Service", "..\30 Client\31 Background\App.Client.Background.Service\App.Client.Background.Service.csproj", "{049B697C-4287-4255-8209-61405B3BB391}"
EndProject
Project("{2150E333-8FDC-42A3-9474-1A3956D46DE8}") = "10 Common", "10 Common", "{06538218-6419-44B9-8B58-60098A636F64}"
EndProject
Project("{9A19103F-16F7-4668-BE54-9A1E7A4F7556}") = "App.Common.Helpers", "..\10 Common\App.Common.Helpers\App.Common.Helpers.csproj", "{581254E2-2003-4213-AC45-F699687AF7BF}"
EndProject
Global
	GlobalSection(SolutionConfigurationPlatforms) = preSolution
		Debug|Any CPU = Debug|Any CPU
		Release|Any CPU = Release|Any CPU
		Staging|Any CPU = Staging|Any CPU
		Test|Any CPU = Test|Any CPU
	EndGlobalSection
	GlobalSection(ProjectConfigurationPlatforms) = postSolution
		{C648F8A8-53DC-457E-87D8-C4B9770CDCA2}.Debug|Any CPU.ActiveCfg = Debug|Any CPU
		{C648F8A8-53DC-457E-87D8-C4B9770CDCA2}.Debug|Any CPU.Build.0 = Debug|Any CPU
		{C648F8A8-53DC-457E-87D8-C4B9770CDCA2}.Release|Any CPU.ActiveCfg = Release|Any CPU
		{C648F8A8-53DC-457E-87D8-C4B9770CDCA2}.Release|Any CPU.Build.0 = Release|Any CPU
		{C648F8A8-53DC-457E-87D8-C4B9770CDCA2}.Staging|Any CPU.ActiveCfg = Release|Any CPU
		{C648F8A8-53DC-457E-87D8-C4B9770CDCA2}.Staging|Any CPU.Build.0 = Release|Any CPU
		{C648F8A8-53DC-457E-87D8-C4B9770CDCA2}.Test|Any CPU.ActiveCfg = Release|Any CPU
		{C648F8A8-53DC-457E-87D8-C4B9770CDCA2}.Test|Any CPU.Build.0 = Release|Any CPU
		{BE11431D-414B-4F72-9605-A9B345BB30D5}.Debug|Any CPU.ActiveCfg = Debug|Any CPU
		{BE11431D-414B-4F72-9605-A9B345BB30D5}.Debug|Any CPU.Build.0 = Debug|Any CPU
		{BE11431D-414B-4F72-9605-A9B345BB30D5}.Release|Any CPU.ActiveCfg = Release|Any CPU
		{BE11431D-414B-4F72-9605-A9B345BB30D5}.Release|Any CPU.Build.0 = Release|Any CPU
		{BE11431D-414B-4F72-9605-A9B345BB30D5}.Staging|Any CPU.ActiveCfg = Release|Any CPU
		{BE11431D-414B-4F72-9605-A9B345BB30D5}.Staging|Any CPU.Build.0 = Release|Any CPU
		{BE11431D-414B-4F72-9605-A9B345BB30D5}.Test|Any CPU.ActiveCfg = Release|Any CPU
		{BE11431D-414B-4F72-9605-A9B345BB30D5}.Test|Any CPU.Build.0 = Release|Any CPU
		{5EF5D8D3-B135-4641-B63A-0DBF035B009F}.Debug|Any CPU.ActiveCfg = Debug|Any CPU
		{5EF5D8D3-B135-4641-B63A-0DBF035B009F}.Debug|Any CPU.Build.0 = Debug|Any CPU
		{5EF5D8D3-B135-4641-B63A-0DBF035B009F}.Release|Any CPU.ActiveCfg = Release|Any CPU
		{5EF5D8D3-B135-4641-B63A-0DBF035B009F}.Release|Any CPU.Build.0 = Release|Any CPU
		{5EF5D8D3-B135-4641-B63A-0DBF035B009F}.Staging|Any CPU.ActiveCfg = Release|Any CPU
		{5EF5D8D3-B135-4641-B63A-0DBF035B009F}.Staging|Any CPU.Build.0 = Release|Any CPU
		{5EF5D8D3-B135-4641-B63A-0DBF035B009F}.Test|Any CPU.ActiveCfg = Release|Any CPU
		{5EF5D8D3-B135-4641-B63A-0DBF035B009F}.Test|Any CPU.Build.0 = Release|Any CPU
		{7149EAF2-B0B3-41DE-A419-E1B07C090020}.Debug|Any CPU.ActiveCfg = Debug|Any CPU
		{7149EAF2-B0B3-41DE-A419-E1B07C090020}.Debug|Any CPU.Build.0 = Debug|Any CPU
		{7149EAF2-B0B3-41DE-A419-E1B07C090020}.Release|Any CPU.ActiveCfg = Release|Any CPU
		{7149EAF2-B0B3-41DE-A419-E1B07C090020}.Release|Any CPU.Build.0 = Release|Any CPU
		{7149EAF2-B0B3-41DE-A419-E1B07C090020}.Staging|Any CPU.ActiveCfg = Release|Any CPU
		{7149EAF2-B0B3-41DE-A419-E1B07C090020}.Staging|Any CPU.Build.0 = Release|Any CPU
		{7149EAF2-B0B3-41DE-A419-E1B07C090020}.Test|Any CPU.ActiveCfg = Release|Any CPU
		{7149EAF2-B0B3-41DE-A419-E1B07C090020}.Test|Any CPU.Build.0 = Release|Any CPU
		{78C008CD-2FF8-4367-9029-6AAE35FE59F9}.Debug|Any CPU.ActiveCfg = Debug|Any CPU
		{78C008CD-2FF8-4367-9029-6AAE35FE59F9}.Debug|Any CPU.Build.0 = Debug|Any CPU
		{78C008CD-2FF8-4367-9029-6AAE35FE59F9}.Release|Any CPU.ActiveCfg = Release|Any CPU
		{78C008CD-2FF8-4367-9029-6AAE35FE59F9}.Release|Any CPU.Build.0 = Release|Any CPU
		{78C008CD-2FF8-4367-9029-6AAE35FE59F9}.Staging|Any CPU.ActiveCfg = Release|Any CPU
		{78C008CD-2FF8-4367-9029-6AAE35FE59F9}.Staging|Any CPU.Build.0 = Release|Any CPU
		{78C008CD-2FF8-4367-9029-6AAE35FE59F9}.Test|Any CPU.ActiveCfg = Release|Any CPU
		{78C008CD-2FF8-4367-9029-6AAE35FE59F9}.Test|Any CPU.Build.0 = Release|Any CPU
		{9FC620F1-E9F3-4C97-AF6A-87F5583AD445}.Debug|Any CPU.ActiveCfg = Debug|Any CPU
		{9FC620F1-E9F3-4C97-AF6A-87F5583AD445}.Debug|Any CPU.Build.0 = Debug|Any CPU
		{9FC620F1-E9F3-4C97-AF6A-87F5583AD445}.Release|Any CPU.ActiveCfg = Release|Any CPU
		{9FC620F1-E9F3-4C97-AF6A-87F5583AD445}.Release|Any CPU.Build.0 = Release|Any CPU
		{9FC620F1-E9F3-4C97-AF6A-87F5583AD445}.Staging|Any CPU.ActiveCfg = Release|Any CPU
		{9FC620F1-E9F3-4C97-AF6A-87F5583AD445}.Staging|Any CPU.Build.0 = Release|Any CPU
		{9FC620F1-E9F3-4C97-AF6A-87F5583AD445}.Test|Any CPU.ActiveCfg = Release|Any CPU
		{9FC620F1-E9F3-4C97-AF6A-87F5583AD445}.Test|Any CPU.Build.0 = Release|Any CPU
		{82AEF908-4E1A-4071-BBBA-02399404F830}.Debug|Any CPU.ActiveCfg = Debug|Any CPU
		{82AEF908-4E1A-4071-BBBA-02399404F830}.Debug|Any CPU.Build.0 = Debug|Any CPU
		{82AEF908-4E1A-4071-BBBA-02399404F830}.Release|Any CPU.ActiveCfg = Release|Any CPU
		{82AEF908-4E1A-4071-BBBA-02399404F830}.Release|Any CPU.Build.0 = Release|Any CPU
		{82AEF908-4E1A-4071-BBBA-02399404F830}.Staging|Any CPU.ActiveCfg = Release|Any CPU
		{82AEF908-4E1A-4071-BBBA-02399404F830}.Staging|Any CPU.Build.0 = Release|Any CPU
		{82AEF908-4E1A-4071-BBBA-02399404F830}.Test|Any CPU.ActiveCfg = Debug|Any CPU
		{82AEF908-4E1A-4071-BBBA-02399404F830}.Test|Any CPU.Build.0 = Debug|Any CPU
		{185F9910-AB09-498A-B03C-A06543AFD3D7}.Debug|Any CPU.ActiveCfg = Debug|Any CPU
		{185F9910-AB09-498A-B03C-A06543AFD3D7}.Debug|Any CPU.Build.0 = Debug|Any CPU
		{185F9910-AB09-498A-B03C-A06543AFD3D7}.Release|Any CPU.ActiveCfg = Release|Any CPU
		{185F9910-AB09-498A-B03C-A06543AFD3D7}.Release|Any CPU.Build.0 = Release|Any CPU
		{185F9910-AB09-498A-B03C-A06543AFD3D7}.Staging|Any CPU.ActiveCfg = Release|Any CPU
		{185F9910-AB09-498A-B03C-A06543AFD3D7}.Staging|Any CPU.Build.0 = Release|Any CPU
		{185F9910-AB09-498A-B03C-A06543AFD3D7}.Test|Any CPU.ActiveCfg = Release|Any CPU
		{185F9910-AB09-498A-B03C-A06543AFD3D7}.Test|Any CPU.Build.0 = Release|Any CPU
		{2C5938FF-B231-433D-978D-848056B20909}.Debug|Any CPU.ActiveCfg = Debug|Any CPU
		{2C5938FF-B231-433D-978D-848056B20909}.Debug|Any CPU.Build.0 = Debug|Any CPU
		{2C5938FF-B231-433D-978D-848056B20909}.Release|Any CPU.ActiveCfg = Release|Any CPU
		{2C5938FF-B231-433D-978D-848056B20909}.Release|Any CPU.Build.0 = Release|Any CPU
		{2C5938FF-B231-433D-978D-848056B20909}.Staging|Any CPU.ActiveCfg = Debug|Any CPU
		{2C5938FF-B231-433D-978D-848056B20909}.Staging|Any CPU.Build.0 = Debug|Any CPU
		{2C5938FF-B231-433D-978D-848056B20909}.Test|Any CPU.ActiveCfg = Debug|Any CPU
		{2C5938FF-B231-433D-978D-848056B20909}.Test|Any CPU.Build.0 = Debug|Any CPU
		{049B697C-4287-4255-8209-61405B3BB391}.Debug|Any CPU.ActiveCfg = Debug|Any CPU
		{049B697C-4287-4255-8209-61405B3BB391}.Debug|Any CPU.Build.0 = Debug|Any CPU
		{049B697C-4287-4255-8209-61405B3BB391}.Release|Any CPU.ActiveCfg = Release|Any CPU
		{049B697C-4287-4255-8209-61405B3BB391}.Release|Any CPU.Build.0 = Release|Any CPU
		{049B697C-4287-4255-8209-61405B3BB391}.Staging|Any CPU.ActiveCfg = Debug|Any CPU
		{049B697C-4287-4255-8209-61405B3BB391}.Staging|Any CPU.Build.0 = Debug|Any CPU
		{049B697C-4287-4255-8209-61405B3BB391}.Test|Any CPU.ActiveCfg = Debug|Any CPU
		{049B697C-4287-4255-8209-61405B3BB391}.Test|Any CPU.Build.0 = Debug|Any CPU
		{581254E2-2003-4213-AC45-F699687AF7BF}.Debug|Any CPU.ActiveCfg = Debug|Any CPU
		{581254E2-2003-4213-AC45-F699687AF7BF}.Debug|Any CPU.Build.0 = Debug|Any CPU
		{581254E2-2003-4213-AC45-F699687AF7BF}.Release|Any CPU.ActiveCfg = Release|Any CPU
		{581254E2-2003-4213-AC45-F699687AF7BF}.Release|Any CPU.Build.0 = Release|Any CPU
		{581254E2-2003-4213-AC45-F699687AF7BF}.Staging|Any CPU.ActiveCfg = Debug|Any CPU
		{581254E2-2003-4213-AC45-F699687AF7BF}.Staging|Any CPU.Build.0 = Debug|Any CPU
		{581254E2-2003-4213-AC45-F699687AF7BF}.Test|Any CPU.ActiveCfg = Debug|Any CPU
		{581254E2-2003-4213-AC45-F699687AF7BF}.Test|Any CPU.Build.0 = Debug|Any CPU
	EndGlobalSection
	GlobalSection(SolutionProperties) = preSolution
		HideSolutionNode = FALSE
	EndGlobalSection
	GlobalSection(NestedProjects) = preSolution
		{D681BDC4-D231-4DD0-BAC4-5BAE9A52FC5A} = {058AFDC2-0EE8-4EF3-AB0B-43A4E63D6C3F}
		{64AA7758-3439-4902-B4DD-38697FDA5494} = {058AFDC2-0EE8-4EF3-AB0B-43A4E63D6C3F}
		{7DCE7332-4F43-44FF-8F92-C24B914A989B} = {058AFDC2-0EE8-4EF3-AB0B-43A4E63D6C3F}
		{DB197D13-C823-43CD-92CF-C9039DEDAE98} = {4FA46B82-D96F-4182-811C-6CF278445E09}
		{D63A5AF8-685A-44F5-AE02-71E51A02F412} = {4FA46B82-D96F-4182-811C-6CF278445E09}
		{C648F8A8-53DC-457E-87D8-C4B9770CDCA2} = {D681BDC4-D231-4DD0-BAC4-5BAE9A52FC5A}
		{BE11431D-414B-4F72-9605-A9B345BB30D5} = {64AA7758-3439-4902-B4DD-38697FDA5494}
		{5EF5D8D3-B135-4641-B63A-0DBF035B009F} = {7DCE7332-4F43-44FF-8F92-C24B914A989B}
		{7149EAF2-B0B3-41DE-A419-E1B07C090020} = {7DCE7332-4F43-44FF-8F92-C24B914A989B}
		{78C008CD-2FF8-4367-9029-6AAE35FE59F9} = {64AA7758-3439-4902-B4DD-38697FDA5494}
		{9FC620F1-E9F3-4C97-AF6A-87F5583AD445} = {8E70162D-B6C9-4D64-BC49-35FB5B3DA597}
		{82AEF908-4E1A-4071-BBBA-02399404F830} = {047908C1-BFE3-4685-BCEC-A869211F72E8}
		{D17A949E-0E01-424D-8C58-E8AA89D07CE4} = {4FA46B82-D96F-4182-811C-6CF278445E09}
		{185F9910-AB09-498A-B03C-A06543AFD3D7} = {D17A949E-0E01-424D-8C58-E8AA89D07CE4}
		{047908C1-BFE3-4685-BCEC-A869211F72E8} = {058AFDC2-0EE8-4EF3-AB0B-43A4E63D6C3F}
		{2C5938FF-B231-433D-978D-848056B20909} = {D63A5AF8-685A-44F5-AE02-71E51A02F412}
		{049B697C-4287-4255-8209-61405B3BB391} = {DB197D13-C823-43CD-92CF-C9039DEDAE98}
		{581254E2-2003-4213-AC45-F699687AF7BF} = {06538218-6419-44B9-8B58-60098A636F64}
	EndGlobalSection
	GlobalSection(ExtensibilityGlobals) = postSolution
		SolutionGuid = {658C404F-56B1-4508-B7F4-03069BAEB77D}
	EndGlobalSection
	GlobalSection(SubversionScc) = preSolution
		Svn-Managed = True
		Manager = AnkhSVN - Subversion Support for Visual Studio
	EndGlobalSection
EndGlobal
