
Microsoft Visual Studio Solution File, Format Version 12.00
# Visual Studio 15
VisualStudioVersion = 15.0.27703.2035
MinimumVisualStudioVersion = 10.0.40219.1
Project("{2150E333-8FDC-42A3-9474-1A3956D46DE8}") = "10 Core", "10 Core", "{A01FC58F-F6EE-45BA-B783-A3D2E7F2F108}"
EndProject
Project("{9A19103F-16F7-4668-BE54-9A1E7A4F7556}") = "Signals.Core", "..\10 Core\Signals.Core\Signals.Core.csproj", "{3FCB78BA-A552-4868-B31E-75B3D1BFD822}"
EndProject
Project("{2150E333-8FDC-42A3-9474-1A3956D46DE8}") = "05 Aspects", "05 Aspects", "{D0434DD7-37D0-4C92-9BF9-650C3308E76E}"
EndProject
Project("{2150E333-8FDC-42A3-9474-1A3956D46DE8}") = "01 Bootstrapping and DI", "01 Bootstrapping and DI", "{EDA9BF92-D5C9-469E-8B24-A8173720B446}"
EndProject
Project("{2150E333-8FDC-42A3-9474-1A3956D46DE8}") = "02 Configuration", "02 Configuration", "{63BEE412-CFE6-4A06-8D7D-5FF51A911A66}"
EndProject
Project("{2150E333-8FDC-42A3-9474-1A3956D46DE8}") = "03 Logging", "03 Logging", "{A5819CBD-A3C3-4597-8256-CE5FD6FD1E02}"
EndProject
Project("{2150E333-8FDC-42A3-9474-1A3956D46DE8}") = "04 Auditing", "04 Auditing", "{A3A46C44-00E3-4697-A7E0-F4444C04F836}"
EndProject
Project("{2150E333-8FDC-42A3-9474-1A3956D46DE8}") = "05 Caching", "05 Caching", "{B5EF943A-C667-4CAE-A1F1-B8937999FE7F}"
EndProject
Project("{2150E333-8FDC-42A3-9474-1A3956D46DE8}") = "06 Localization", "06 Localization", "{23D97208-FC4F-43DF-A23E-4E6152D268E7}"
EndProject
Project("{2150E333-8FDC-42A3-9474-1A3956D46DE8}") = "07 Storage", "07 Storage", "{FAF8FED8-ACF0-490E-9EF6-6E0AF1FE4A71}"
EndProject
Project("{2150E333-8FDC-42A3-9474-1A3956D46DE8}") = "08 Communication channels", "08 Communication channels", "{042925DB-A412-4CA2-AD80-5ABFD6BA0F6F}"
EndProject
Project("{2150E333-8FDC-42A3-9474-1A3956D46DE8}") = "09 Authentication and authorization", "09 Authentication and authorization", "{D9F94638-FFA2-490D-95E8-A284E5810784}"
EndProject
Project("{2150E333-8FDC-42A3-9474-1A3956D46DE8}") = "10 Background processing", "10 Background processing", "{5671F844-AFE2-41D2-ABF6-8A71BCC30784}"
EndProject
Project("{9A19103F-16F7-4668-BE54-9A1E7A4F7556}") = "Signals.Aspects.DI", "..\05 Aspects\01 Bootstrapping and DI\Signals.Aspects.DI\Signals.Aspects.DI.csproj", "{03371600-3800-472C-BE46-B6D897F95F48}"
EndProject
Project("{9A19103F-16F7-4668-BE54-9A1E7A4F7556}") = "Signals.Aspects.DI.SimpleInjector", "..\05 Aspects\01 Bootstrapping and DI\Signals.Aspects.DI.SimpleInjector\Signals.Aspects.DI.SimpleInjector.csproj", "{8C81CD66-C7EE-4227-B7E2-EB1E7B2FB40B}"
EndProject
Project("{2150E333-8FDC-42A3-9474-1A3956D46DE8}") = "20 Tests", "20 Tests", "{D3151AC8-B3DD-496D-A5E9-0C6BE93F4055}"
EndProject
Project("{2150E333-8FDC-42A3-9474-1A3956D46DE8}") = "21 Bootstrapping and DI", "21 Bootstrapping and DI", "{5AF27C1D-85EA-4F1B-8535-CCAD1C3D232F}"
EndProject
Project("{9A19103F-16F7-4668-BE54-9A1E7A4F7556}") = "Signals.Tests.DI", "..\20 Tests\21 Bootstrapping and DI\Signals.Tests.DI.SimpleInjector\Signals.Tests.DI.csproj", "{1262EDD5-183D-41FF-A042-5EE0AB614F4E}"
EndProject
Project("{9A19103F-16F7-4668-BE54-9A1E7A4F7556}") = "Signals.Aspects.Bootstrap", "..\05 Aspects\01 Bootstrapping and DI\Signals.Aspects.Bootstrap\Signals.Aspects.Bootstrap.csproj", "{C341CA0F-4125-4738-BAE9-477DA2CDEBCC}"
EndProject
Project("{2150E333-8FDC-42A3-9474-1A3956D46DE8}") = "15 Clients", "15 Clients", "{E55F68C4-3600-40A2-9B86-F180F4817623}"
EndProject
Project("{9A19103F-16F7-4668-BE54-9A1E7A4F7556}") = "Signals.Aspects.Configuration", "..\05 Aspects\02 Configuration\Signals.Aspects.Configuration\Signals.Aspects.Configuration.csproj", "{849A6E51-7A91-436D-9802-23DD857CBA00}"
EndProject
Project("{9A19103F-16F7-4668-BE54-9A1E7A4F7556}") = "Signals.Aspects.Configuration.MsSql", "..\05 Aspects\02 Configuration\Signals.Aspects.Configuration.MsSql\Signals.Aspects.Configuration.MsSql.csproj", "{9C196DD4-9E2E-4549-BAE8-7A4FFECC0895}"
EndProject
Project("{9A19103F-16F7-4668-BE54-9A1E7A4F7556}") = "Signals.Aspects.DI.Autofac", "..\05 Aspects\01 Bootstrapping and DI\Signals.Aspects.DI.Autofac\Signals.Aspects.DI.Autofac.csproj", "{9B41DA93-A597-497B-B0AA-E9DFF5959837}"
EndProject
Project("{9A19103F-16F7-4668-BE54-9A1E7A4F7556}") = "Signals.Aspects.DI.DotNetCore", "..\05 Aspects\01 Bootstrapping and DI\Signals.Aspects.DI.DotNetCore\Signals.Aspects.DI.DotNetCore.csproj", "{96626C12-8109-43DD-B1DF-CCB308B36E39}"
EndProject
Project("{2150E333-8FDC-42A3-9474-1A3956D46DE8}") = "22 Configuration", "22 Configuration", "{20831B05-404C-4709-B481-6F2B18726BD9}"
EndProject
Project("{9A19103F-16F7-4668-BE54-9A1E7A4F7556}") = "Signals.Tests.Configuration", "..\20 Tests\22 Configuration\Signals.Tests.Configuration\Signals.Tests.Configuration.csproj", "{406D3515-780C-4128-8D5F-007B65EB36CD}"
EndProject
Project("{9A19103F-16F7-4668-BE54-9A1E7A4F7556}") = "Signals.Aspects.Logging", "..\05 Aspects\03 Logging\Signals.Aspects.Logging\Signals.Aspects.Logging.csproj", "{7F12807E-03C6-4FE1-9967-B486D4CE19FE}"
EndProject
Project("{9A19103F-16F7-4668-BE54-9A1E7A4F7556}") = "Signals.Aspects.Logging.NLog", "..\05 Aspects\03 Logging\Signals.Aspects.Logging.NLog\Signals.Aspects.Logging.NLog.csproj", "{AAB277D2-0C6A-400E-8AB8-6DF04BCE4565}"
EndProject
Project("{2150E333-8FDC-42A3-9474-1A3956D46DE8}") = "23 Logging", "23 Logging", "{870CF568-FABE-45E0-A757-48E8A0691F78}"
EndProject
Project("{9A19103F-16F7-4668-BE54-9A1E7A4F7556}") = "Signals.Tests.Logging", "..\20 Tests\23 Logging\Signals.Tests.Logging\Signals.Tests.Logging.csproj", "{159DA84A-AE22-448D-9232-1DD8AA12B417}"
EndProject
Project("{9A19103F-16F7-4668-BE54-9A1E7A4F7556}") = "Signals.Aspects.Auditing", "..\05 Aspects\04 Auditing\Signals.Aspects.Auditing\Signals.Aspects.Auditing.csproj", "{96E1AF5F-E7B2-49EE-9EB5-0B8C6576B285}"
EndProject
Project("{9A19103F-16F7-4668-BE54-9A1E7A4F7556}") = "Signals.Aspects.Auditing.AuditNET", "..\05 Aspects\04 Auditing\Signals.Aspects.Auditing.AuditNET\Signals.Aspects.Auditing.AuditNET.csproj", "{B2901E71-7A44-4ACA-918B-CEECD679A8FF}"
EndProject
Project("{2150E333-8FDC-42A3-9474-1A3956D46DE8}") = "24 Auditing", "24 Auditing", "{7E0DC5FD-2D07-429B-8ED7-B6DA6D55AC3C}"
EndProject
Project("{9A19103F-16F7-4668-BE54-9A1E7A4F7556}") = "Signals.Tests.Auditing", "..\20 Tests\24 Auditing\Signals.Tests.Auditing\Signals.Tests.Auditing.csproj", "{997B6776-92EE-47B0-80AB-A5784492E26D}"
EndProject
Project("{9A19103F-16F7-4668-BE54-9A1E7A4F7556}") = "Signals.Aspects.Caching", "..\05 Aspects\05 Caching\Signals.Aspects.Caching\Signals.Aspects.Caching.csproj", "{6AC9DB8E-7F72-4570-B6C8-35A032AE4D72}"
EndProject
Project("{9A19103F-16F7-4668-BE54-9A1E7A4F7556}") = "Signals.Aspects.Caching.InMemory", "..\05 Aspects\05 Caching\Signals.Aspects.Caching.InMemory\Signals.Aspects.Caching.InMemory.csproj", "{C09017BA-05C6-4E65-B8F8-12A1AA2DE055}"
EndProject
Project("{2150E333-8FDC-42A3-9474-1A3956D46DE8}") = "25 Caching", "25 Caching", "{AA933EC7-CEDE-4D8D-994B-16D5A6429A5B}"
EndProject
Project("{9A19103F-16F7-4668-BE54-9A1E7A4F7556}") = "Signals.Tests.Caching", "..\20 Tests\25 Caching\Signals.Tests.Caching\Signals.Tests.Caching.csproj", "{5C5CACBB-623F-439F-B6CD-0128DDED288B}"
EndProject
Project("{9A19103F-16F7-4668-BE54-9A1E7A4F7556}") = "Signals.Aspects.Localization", "..\05 Aspects\06 Localization\Signals.Aspects.Localization\Signals.Aspects.Localization.csproj", "{14963CD9-6A4D-41BF-A948-E5CE0AB41F44}"
EndProject
Project("{2150E333-8FDC-42A3-9474-1A3956D46DE8}") = "26 Localization", "26 Localization", "{377845B1-7465-45F5-8561-6A274D501C0A}"
EndProject
Project("{9A19103F-16F7-4668-BE54-9A1E7A4F7556}") = "Signals.Tests.Localization", "..\20 Tests\26 Localization\Signals.Tests.Localization\Signals.Tests.Localization.csproj", "{ECE62017-DF68-4684-A0A3-7395F4B05AFB}"
EndProject
Project("{9A19103F-16F7-4668-BE54-9A1E7A4F7556}") = "Signals.Aspects.Storage", "..\05 Aspects\07 Storage\Signals.Aspects.Storage\Signals.Aspects.Storage.csproj", "{2F3BB449-8872-4811-986F-699F0E1E554E}"
EndProject
Project("{9A19103F-16F7-4668-BE54-9A1E7A4F7556}") = "Signals.Aspects.Storage.File", "..\05 Aspects\07 Storage\Signals.Aspects.Storage.File\Signals.Aspects.Storage.File.csproj", "{401585DE-9C44-489E-891B-8BF6395A9DCE}"
EndProject
Project("{2150E333-8FDC-42A3-9474-1A3956D46DE8}") = "27 Storage", "27 Storage", "{9CDA6E7F-AD83-4402-A93C-7BFF3FE29638}"
EndProject
Project("{9A19103F-16F7-4668-BE54-9A1E7A4F7556}") = "Signals.Tests.Storage", "..\20 Tests\27 Storage\Signals.Tests.Storage\Signals.Tests.Storage.csproj", "{672EEC93-C60A-431E-9491-7D83A6E15818}"
EndProject
Project("{9A19103F-16F7-4668-BE54-9A1E7A4F7556}") = "Signals.Aspects.Storage.Azure", "..\05 Aspects\07 Storage\Signals.Aspects.Storage.Azure\Signals.Aspects.Storage.Azure.csproj", "{17740C15-9C48-498E-9A7D-D1FEC689B4F3}"
EndProject
Project("{9A19103F-16F7-4668-BE54-9A1E7A4F7556}") = "Signals.Aspects.Storage.Database", "..\05 Aspects\07 Storage\Signals.Aspects.Storage.Database\Signals.Aspects.Storage.Database.csproj", "{8AC65E8F-37DF-4AF7-BF24-BCDEA0DF0800}"
EndProject
Project("{9A19103F-16F7-4668-BE54-9A1E7A4F7556}") = "Signals.Aspects.CommunicationChannels", "..\05 Aspects\08 Communication channels\Signals.Aspects.CommunicationChannels\Signals.Aspects.CommunicationChannels.csproj", "{072C5F9A-F517-4F38-A4E1-EBCEB1039BF0}"
EndProject
Project("{9A19103F-16F7-4668-BE54-9A1E7A4F7556}") = "Signals.Aspects.CommunicationChannels.Msmq", "..\05 Aspects\08 Communication channels\Signals.Aspects.CommunicationChannels.Msmq\Signals.Aspects.CommunicationChannels.Msmq.csproj", "{39F4EA2C-6816-4F59-AC1D-6017AD492D49}"
EndProject
Project("{2150E333-8FDC-42A3-9474-1A3956D46DE8}") = "28 Communication channels", "28 Communication channels", "{BADD3487-4090-4CAD-A7FB-5C9D8C43D33A}"
EndProject
Project("{9A19103F-16F7-4668-BE54-9A1E7A4F7556}") = "Signals.Tests.CommunicaitonChannels", "..\20 Tests\28 Communication channels\Signals.Tests.CommunicaitonChannels\Signals.Tests.CommunicaitonChannels.csproj", "{CB7B04E3-838B-4D70-B66E-3C615629B702}"
EndProject
Project("{9A19103F-16F7-4668-BE54-9A1E7A4F7556}") = "Signals.Tests.CommunicaitonChannels.Msmq", "..\20 Tests\28 Communication channels\Signals.Tests.CommunicaitonChannels.Msmq\Signals.Tests.CommunicaitonChannels.Msmq.csproj", "{1C2B8CE0-5745-4518-8FD2-5713262E2B60}"
EndProject
Project("{9A19103F-16F7-4668-BE54-9A1E7A4F7556}") = "Signals.Aspects.CommunicationChannels.ServiceBus", "..\05 Aspects\08 Communication channels\Signals.Aspects.CommunicationChannels.ServiceBus\Signals.Aspects.CommunicationChannels.ServiceBus.csproj", "{B3B199E8-7939-4952-B8DA-88B456D6DF8E}"
EndProject
Project("{9A19103F-16F7-4668-BE54-9A1E7A4F7556}") = "Signals.Aspects.Auth", "..\05 Aspects\09 Authentication and authorization\Signals.Aspects.Auth\Signals.Aspects.Auth.csproj", "{FB6D9F0A-40BD-416B-A49C-736DC13F45D3}"
EndProject
Project("{9A19103F-16F7-4668-BE54-9A1E7A4F7556}") = "Signals.Aspects.Auth.NetCore", "..\05 Aspects\09 Authentication and authorization\Signals.Aspects.Auth.NetCore\Signals.Aspects.Auth.NetCore.csproj", "{C8806DAD-ADAB-4117-A502-AB216B54C3A4}"
EndProject
Project("{9A19103F-16F7-4668-BE54-9A1E7A4F7556}") = "Signals.Clients.NetCoreWeb", "..\15 Clients\Signals.Clients.NetCoreWeb\Signals.Clients.NetCoreWeb.csproj", "{E3CF81D0-44B9-4A85-AB79-D988D721F625}"
EndProject
Project("{9A19103F-16F7-4668-BE54-9A1E7A4F7556}") = "Signals.Aspects.Auth.Mvc5", "..\05 Aspects\09 Authentication and authorization\Signals.Aspects.Auth.Mvc5\Signals.Aspects.Auth.Mvc5.csproj", "{D720F33E-8ACE-4A56-A87A-C3039891330B}"
EndProject
Project("{2150E333-8FDC-42A3-9474-1A3956D46DE8}") = "30 Background processing", "30 Background processing", "{BD3E9EB5-7671-40BF-B3CF-08BDDD3B6AAD}"
EndProject
Project("{9A19103F-16F7-4668-BE54-9A1E7A4F7556}") = "Signals.Aspects.BackgroundProcessing", "..\05 Aspects\10 Background processing\Signals.Aspects.BackgroundProcessing\Signals.Aspects.BackgroundProcessing.csproj", "{E6EDE7FB-BD6A-4620-8EE5-381AE2AEB4C0}"
EndProject
Project("{9A19103F-16F7-4668-BE54-9A1E7A4F7556}") = "Signals.Aspects.BackgroundProcessing.FluentScheduler", "..\05 Aspects\10 Background processing\Signals.Aspects.BackgroundProcessing.FluentScheduler\Signals.Aspects.BackgroundProcessing.FluentScheduler.csproj", "{38CFAE47-DDED-4A0A-B62F-C946F17EDFB2}"
EndProject
Project("{9A19103F-16F7-4668-BE54-9A1E7A4F7556}") = "Signals.Tests.BackgroundProcessing", "..\20 Tests\30 Background processing\Signals.Tests.BackgroundProcessing\Signals.Tests.BackgroundProcessing.csproj", "{D46FAFF0-195F-49D9-95A1-8A4622430300}"
EndProject
Project("{2150E333-8FDC-42A3-9474-1A3956D46DE8}") = "11 Error handling", "11 Error handling", "{7253B2A9-622E-41DD-B3FF-034C2E8C8C0C}"
EndProject
Project("{9A19103F-16F7-4668-BE54-9A1E7A4F7556}") = "Signals.Aspects.ErrorHandling", "..\05 Aspects\11 Error handling\Signals.Aspects.ErrorHandling\Signals.Aspects.ErrorHandling.csproj", "{77EF3B54-D198-4EEA-844C-DF7194FA567C}"
EndProject
Project("{9A19103F-16F7-4668-BE54-9A1E7A4F7556}") = "Signals.Aspects.ErrorHandling.Polly", "..\05 Aspects\11 Error handling\Signals.Aspects.ErrorHandling.Polly\Signals.Aspects.ErrorHandling.Polly.csproj", "{EC521C0F-9358-4C94-84F5-D41DEE2ABFEE}"
EndProject
Project("{2150E333-8FDC-42A3-9474-1A3956D46DE8}") = "31 Error handling", "31 Error handling", "{96D72D5C-6EE4-46B6-ADCA-8FF309A2AA1B}"
EndProject
Project("{9A19103F-16F7-4668-BE54-9A1E7A4F7556}") = "Signals.Tests.ErrorHandling", "..\20 Tests\31 Error handling\Signals.Tests.ErrorHandling\Signals.Tests.ErrorHandling.csproj", "{A85A3E34-51EF-424D-B3C8-0E842DBFFFF0}"
EndProject
Project("{9A19103F-16F7-4668-BE54-9A1E7A4F7556}") = "Signals.Aspects.Configuration.File", "..\05 Aspects\02 Configuration\Signals.Aspects.Configuration.File\Signals.Aspects.Configuration.File.csproj", "{BBEA61C7-9093-4827-99A4-1764960A8E06}"
EndProject
Project("{2150E333-8FDC-42A3-9474-1A3956D46DE8}") = "12 Security", "12 Security", "{352DEB71-4C4E-4305-B56F-DC401481AC98}"
EndProject
Project("{9A19103F-16F7-4668-BE54-9A1E7A4F7556}") = "Signals.Aspects.Security", "..\05 Aspects\12 Security\Signals.Aspects.Security\Signals.Aspects.Security.csproj", "{6B449A52-D8D4-42B3-ABB1-084AF0A66ADC}"
EndProject
Project("{9A19103F-16F7-4668-BE54-9A1E7A4F7556}") = "Signals.Aspects.Security.Database", "..\05 Aspects\12 Security\Signals.Aspects.Security.Database\Signals.Aspects.Security.Database.csproj", "{785619CD-85A6-4EA2-BE5B-508318310766}"
EndProject
Project("{2150E333-8FDC-42A3-9474-1A3956D46DE8}") = "32 Security", "32 Security", "{F8B00D75-8ACD-48CF-98DE-6DF37385203B}"
EndProject
Project("{9A19103F-16F7-4668-BE54-9A1E7A4F7556}") = "Signals.Tests.Security", "..\20 Tests\32 Security\Signals.Tests.Security\Signals.Tests.Security.csproj", "{636220D9-BF7C-4450-BE01-56B702B2FD24}"
EndProject
Project("{9A19103F-16F7-4668-BE54-9A1E7A4F7556}") = "Signals.Core.Web", "..\10 Core\Signals.Core.Web\Signals.Core.Web.csproj", "{5D1E453D-6BC9-4C20-A406-248ADFA55D77}"
EndProject
Project("{9A19103F-16F7-4668-BE54-9A1E7A4F7556}") = "Signals.Core.Background", "..\10 Core\Signals.Core.Background\Signals.Core.Background.csproj", "{93DD9FC5-75CF-46A3-BEC9-0475CAE361CC}"
EndProject
Project("{9A19103F-16F7-4668-BE54-9A1E7A4F7556}") = "Signals.Core.BackgroundCoreApp", "..\15 Clients\Signals.Core.BackgroundCoreApp\Signals.Core.BackgroundCoreApp.csproj", "{DB4EE62D-1302-4D50-892F-193BA11B08CA}"
EndProject
Project("{FAE04EC0-301F-11D3-BF4B-00C04F79EFBC}") = "Signals.Clients.MvcWeb", "..\15 Clients\Signals.Clients.MvcWeb\Signals.Clients.MvcWeb.csproj", "{BCBDAA6C-1919-4664-A56A-182A402CC33C}"
EndProject
Project("{9A19103F-16F7-4668-BE54-9A1E7A4F7556}") = "Signals.Core.Extensions.ImportExport", "..\10 Core\Signals.Core.Extensions.ImportExport\Signals.Core.Extensions.ImportExport.csproj", "{A52A72EF-9AEB-4CC8-832B-090749E0AA95}"
EndProject
Project("{9A19103F-16F7-4668-BE54-9A1E7A4F7556}") = "Signals.Aspects.Localization.File", "..\05 Aspects\06 Localization\Signals.Aspects.Localization.File\Signals.Aspects.Localization.File\Signals.Aspects.Localization.File.csproj", "{51C4EDC2-C56E-42B7-85AE-547D1D85B60F}"
EndProject
Project("{9A19103F-16F7-4668-BE54-9A1E7A4F7556}") = "Signals.Aspects.Localization.Database", "..\05 Aspects\06 Localization\Signals.Aspects.Localization.Database\Signals.Aspects.Localization.Database\Signals.Aspects.Localization.Database.csproj", "{2BB23E8D-1F0F-489E-99E4-771AB60891A6}"
EndProject
Global
	GlobalSection(SubversionScc) = preSolution
		Svn-Managed = True
		Manager = AnkhSVN - Subversion Support for Visual Studio
	EndGlobalSection
	GlobalSection(SolutionConfigurationPlatforms) = preSolution
		Debug|Any CPU = Debug|Any CPU
		Release|Any CPU = Release|Any CPU
	EndGlobalSection
	GlobalSection(ProjectConfigurationPlatforms) = postSolution
		{3FCB78BA-A552-4868-B31E-75B3D1BFD822}.Debug|Any CPU.ActiveCfg = Debug|Any CPU
		{3FCB78BA-A552-4868-B31E-75B3D1BFD822}.Debug|Any CPU.Build.0 = Debug|Any CPU
		{3FCB78BA-A552-4868-B31E-75B3D1BFD822}.Release|Any CPU.ActiveCfg = Release|Any CPU
		{3FCB78BA-A552-4868-B31E-75B3D1BFD822}.Release|Any CPU.Build.0 = Release|Any CPU
		{03371600-3800-472C-BE46-B6D897F95F48}.Debug|Any CPU.ActiveCfg = Debug|Any CPU
		{03371600-3800-472C-BE46-B6D897F95F48}.Debug|Any CPU.Build.0 = Debug|Any CPU
		{03371600-3800-472C-BE46-B6D897F95F48}.Release|Any CPU.ActiveCfg = Release|Any CPU
		{03371600-3800-472C-BE46-B6D897F95F48}.Release|Any CPU.Build.0 = Release|Any CPU
		{8C81CD66-C7EE-4227-B7E2-EB1E7B2FB40B}.Debug|Any CPU.ActiveCfg = Debug|Any CPU
		{8C81CD66-C7EE-4227-B7E2-EB1E7B2FB40B}.Debug|Any CPU.Build.0 = Debug|Any CPU
		{8C81CD66-C7EE-4227-B7E2-EB1E7B2FB40B}.Release|Any CPU.ActiveCfg = Release|Any CPU
		{8C81CD66-C7EE-4227-B7E2-EB1E7B2FB40B}.Release|Any CPU.Build.0 = Release|Any CPU
		{1262EDD5-183D-41FF-A042-5EE0AB614F4E}.Debug|Any CPU.ActiveCfg = Debug|Any CPU
		{1262EDD5-183D-41FF-A042-5EE0AB614F4E}.Debug|Any CPU.Build.0 = Debug|Any CPU
		{1262EDD5-183D-41FF-A042-5EE0AB614F4E}.Release|Any CPU.ActiveCfg = Release|Any CPU
		{1262EDD5-183D-41FF-A042-5EE0AB614F4E}.Release|Any CPU.Build.0 = Release|Any CPU
		{C341CA0F-4125-4738-BAE9-477DA2CDEBCC}.Debug|Any CPU.ActiveCfg = Debug|Any CPU
		{C341CA0F-4125-4738-BAE9-477DA2CDEBCC}.Debug|Any CPU.Build.0 = Debug|Any CPU
		{C341CA0F-4125-4738-BAE9-477DA2CDEBCC}.Release|Any CPU.ActiveCfg = Release|Any CPU
		{C341CA0F-4125-4738-BAE9-477DA2CDEBCC}.Release|Any CPU.Build.0 = Release|Any CPU
		{849A6E51-7A91-436D-9802-23DD857CBA00}.Debug|Any CPU.ActiveCfg = Debug|Any CPU
		{849A6E51-7A91-436D-9802-23DD857CBA00}.Debug|Any CPU.Build.0 = Debug|Any CPU
		{849A6E51-7A91-436D-9802-23DD857CBA00}.Release|Any CPU.ActiveCfg = Release|Any CPU
		{849A6E51-7A91-436D-9802-23DD857CBA00}.Release|Any CPU.Build.0 = Release|Any CPU
		{9C196DD4-9E2E-4549-BAE8-7A4FFECC0895}.Debug|Any CPU.ActiveCfg = Debug|Any CPU
		{9C196DD4-9E2E-4549-BAE8-7A4FFECC0895}.Debug|Any CPU.Build.0 = Debug|Any CPU
		{9C196DD4-9E2E-4549-BAE8-7A4FFECC0895}.Release|Any CPU.ActiveCfg = Release|Any CPU
		{9C196DD4-9E2E-4549-BAE8-7A4FFECC0895}.Release|Any CPU.Build.0 = Release|Any CPU
		{9B41DA93-A597-497B-B0AA-E9DFF5959837}.Debug|Any CPU.ActiveCfg = Debug|Any CPU
		{9B41DA93-A597-497B-B0AA-E9DFF5959837}.Debug|Any CPU.Build.0 = Debug|Any CPU
		{9B41DA93-A597-497B-B0AA-E9DFF5959837}.Release|Any CPU.ActiveCfg = Release|Any CPU
		{9B41DA93-A597-497B-B0AA-E9DFF5959837}.Release|Any CPU.Build.0 = Release|Any CPU
		{96626C12-8109-43DD-B1DF-CCB308B36E39}.Debug|Any CPU.ActiveCfg = Debug|Any CPU
		{96626C12-8109-43DD-B1DF-CCB308B36E39}.Debug|Any CPU.Build.0 = Debug|Any CPU
		{96626C12-8109-43DD-B1DF-CCB308B36E39}.Release|Any CPU.ActiveCfg = Release|Any CPU
		{96626C12-8109-43DD-B1DF-CCB308B36E39}.Release|Any CPU.Build.0 = Release|Any CPU
		{406D3515-780C-4128-8D5F-007B65EB36CD}.Debug|Any CPU.ActiveCfg = Debug|Any CPU
		{406D3515-780C-4128-8D5F-007B65EB36CD}.Debug|Any CPU.Build.0 = Debug|Any CPU
		{406D3515-780C-4128-8D5F-007B65EB36CD}.Release|Any CPU.ActiveCfg = Release|Any CPU
		{406D3515-780C-4128-8D5F-007B65EB36CD}.Release|Any CPU.Build.0 = Release|Any CPU
		{7F12807E-03C6-4FE1-9967-B486D4CE19FE}.Debug|Any CPU.ActiveCfg = Debug|Any CPU
		{7F12807E-03C6-4FE1-9967-B486D4CE19FE}.Debug|Any CPU.Build.0 = Debug|Any CPU
		{7F12807E-03C6-4FE1-9967-B486D4CE19FE}.Release|Any CPU.ActiveCfg = Release|Any CPU
		{7F12807E-03C6-4FE1-9967-B486D4CE19FE}.Release|Any CPU.Build.0 = Release|Any CPU
		{AAB277D2-0C6A-400E-8AB8-6DF04BCE4565}.Debug|Any CPU.ActiveCfg = Debug|Any CPU
		{AAB277D2-0C6A-400E-8AB8-6DF04BCE4565}.Debug|Any CPU.Build.0 = Debug|Any CPU
		{AAB277D2-0C6A-400E-8AB8-6DF04BCE4565}.Release|Any CPU.ActiveCfg = Release|Any CPU
		{AAB277D2-0C6A-400E-8AB8-6DF04BCE4565}.Release|Any CPU.Build.0 = Release|Any CPU
		{159DA84A-AE22-448D-9232-1DD8AA12B417}.Debug|Any CPU.ActiveCfg = Debug|Any CPU
		{159DA84A-AE22-448D-9232-1DD8AA12B417}.Debug|Any CPU.Build.0 = Debug|Any CPU
		{159DA84A-AE22-448D-9232-1DD8AA12B417}.Release|Any CPU.ActiveCfg = Release|Any CPU
		{159DA84A-AE22-448D-9232-1DD8AA12B417}.Release|Any CPU.Build.0 = Release|Any CPU
		{96E1AF5F-E7B2-49EE-9EB5-0B8C6576B285}.Debug|Any CPU.ActiveCfg = Debug|Any CPU
		{96E1AF5F-E7B2-49EE-9EB5-0B8C6576B285}.Debug|Any CPU.Build.0 = Debug|Any CPU
		{96E1AF5F-E7B2-49EE-9EB5-0B8C6576B285}.Release|Any CPU.ActiveCfg = Release|Any CPU
		{96E1AF5F-E7B2-49EE-9EB5-0B8C6576B285}.Release|Any CPU.Build.0 = Release|Any CPU
		{B2901E71-7A44-4ACA-918B-CEECD679A8FF}.Debug|Any CPU.ActiveCfg = Debug|Any CPU
		{B2901E71-7A44-4ACA-918B-CEECD679A8FF}.Debug|Any CPU.Build.0 = Debug|Any CPU
		{B2901E71-7A44-4ACA-918B-CEECD679A8FF}.Release|Any CPU.ActiveCfg = Release|Any CPU
		{B2901E71-7A44-4ACA-918B-CEECD679A8FF}.Release|Any CPU.Build.0 = Release|Any CPU
		{997B6776-92EE-47B0-80AB-A5784492E26D}.Debug|Any CPU.ActiveCfg = Debug|Any CPU
		{997B6776-92EE-47B0-80AB-A5784492E26D}.Debug|Any CPU.Build.0 = Debug|Any CPU
		{997B6776-92EE-47B0-80AB-A5784492E26D}.Release|Any CPU.ActiveCfg = Release|Any CPU
		{997B6776-92EE-47B0-80AB-A5784492E26D}.Release|Any CPU.Build.0 = Release|Any CPU
		{6AC9DB8E-7F72-4570-B6C8-35A032AE4D72}.Debug|Any CPU.ActiveCfg = Debug|Any CPU
		{6AC9DB8E-7F72-4570-B6C8-35A032AE4D72}.Debug|Any CPU.Build.0 = Debug|Any CPU
		{6AC9DB8E-7F72-4570-B6C8-35A032AE4D72}.Release|Any CPU.ActiveCfg = Release|Any CPU
		{6AC9DB8E-7F72-4570-B6C8-35A032AE4D72}.Release|Any CPU.Build.0 = Release|Any CPU
		{C09017BA-05C6-4E65-B8F8-12A1AA2DE055}.Debug|Any CPU.ActiveCfg = Debug|Any CPU
		{C09017BA-05C6-4E65-B8F8-12A1AA2DE055}.Debug|Any CPU.Build.0 = Debug|Any CPU
		{C09017BA-05C6-4E65-B8F8-12A1AA2DE055}.Release|Any CPU.ActiveCfg = Release|Any CPU
		{C09017BA-05C6-4E65-B8F8-12A1AA2DE055}.Release|Any CPU.Build.0 = Release|Any CPU
		{5C5CACBB-623F-439F-B6CD-0128DDED288B}.Debug|Any CPU.ActiveCfg = Debug|Any CPU
		{5C5CACBB-623F-439F-B6CD-0128DDED288B}.Debug|Any CPU.Build.0 = Debug|Any CPU
		{5C5CACBB-623F-439F-B6CD-0128DDED288B}.Release|Any CPU.ActiveCfg = Release|Any CPU
		{5C5CACBB-623F-439F-B6CD-0128DDED288B}.Release|Any CPU.Build.0 = Release|Any CPU
		{14963CD9-6A4D-41BF-A948-E5CE0AB41F44}.Debug|Any CPU.ActiveCfg = Debug|Any CPU
		{14963CD9-6A4D-41BF-A948-E5CE0AB41F44}.Debug|Any CPU.Build.0 = Debug|Any CPU
		{14963CD9-6A4D-41BF-A948-E5CE0AB41F44}.Release|Any CPU.ActiveCfg = Release|Any CPU
		{14963CD9-6A4D-41BF-A948-E5CE0AB41F44}.Release|Any CPU.Build.0 = Release|Any CPU
		{ECE62017-DF68-4684-A0A3-7395F4B05AFB}.Debug|Any CPU.ActiveCfg = Debug|Any CPU
		{ECE62017-DF68-4684-A0A3-7395F4B05AFB}.Debug|Any CPU.Build.0 = Debug|Any CPU
		{ECE62017-DF68-4684-A0A3-7395F4B05AFB}.Release|Any CPU.ActiveCfg = Release|Any CPU
		{ECE62017-DF68-4684-A0A3-7395F4B05AFB}.Release|Any CPU.Build.0 = Release|Any CPU
		{2F3BB449-8872-4811-986F-699F0E1E554E}.Debug|Any CPU.ActiveCfg = Debug|Any CPU
		{2F3BB449-8872-4811-986F-699F0E1E554E}.Debug|Any CPU.Build.0 = Debug|Any CPU
		{2F3BB449-8872-4811-986F-699F0E1E554E}.Release|Any CPU.ActiveCfg = Release|Any CPU
		{2F3BB449-8872-4811-986F-699F0E1E554E}.Release|Any CPU.Build.0 = Release|Any CPU
		{401585DE-9C44-489E-891B-8BF6395A9DCE}.Debug|Any CPU.ActiveCfg = Debug|Any CPU
		{401585DE-9C44-489E-891B-8BF6395A9DCE}.Debug|Any CPU.Build.0 = Debug|Any CPU
		{401585DE-9C44-489E-891B-8BF6395A9DCE}.Release|Any CPU.ActiveCfg = Release|Any CPU
		{401585DE-9C44-489E-891B-8BF6395A9DCE}.Release|Any CPU.Build.0 = Release|Any CPU
		{672EEC93-C60A-431E-9491-7D83A6E15818}.Debug|Any CPU.ActiveCfg = Debug|Any CPU
		{672EEC93-C60A-431E-9491-7D83A6E15818}.Debug|Any CPU.Build.0 = Debug|Any CPU
		{672EEC93-C60A-431E-9491-7D83A6E15818}.Release|Any CPU.ActiveCfg = Release|Any CPU
		{672EEC93-C60A-431E-9491-7D83A6E15818}.Release|Any CPU.Build.0 = Release|Any CPU
		{17740C15-9C48-498E-9A7D-D1FEC689B4F3}.Debug|Any CPU.ActiveCfg = Debug|Any CPU
		{17740C15-9C48-498E-9A7D-D1FEC689B4F3}.Debug|Any CPU.Build.0 = Debug|Any CPU
		{17740C15-9C48-498E-9A7D-D1FEC689B4F3}.Release|Any CPU.ActiveCfg = Release|Any CPU
		{17740C15-9C48-498E-9A7D-D1FEC689B4F3}.Release|Any CPU.Build.0 = Release|Any CPU
		{8AC65E8F-37DF-4AF7-BF24-BCDEA0DF0800}.Debug|Any CPU.ActiveCfg = Debug|Any CPU
		{8AC65E8F-37DF-4AF7-BF24-BCDEA0DF0800}.Debug|Any CPU.Build.0 = Debug|Any CPU
		{8AC65E8F-37DF-4AF7-BF24-BCDEA0DF0800}.Release|Any CPU.ActiveCfg = Release|Any CPU
		{8AC65E8F-37DF-4AF7-BF24-BCDEA0DF0800}.Release|Any CPU.Build.0 = Release|Any CPU
		{072C5F9A-F517-4F38-A4E1-EBCEB1039BF0}.Debug|Any CPU.ActiveCfg = Debug|Any CPU
		{072C5F9A-F517-4F38-A4E1-EBCEB1039BF0}.Debug|Any CPU.Build.0 = Debug|Any CPU
		{072C5F9A-F517-4F38-A4E1-EBCEB1039BF0}.Release|Any CPU.ActiveCfg = Release|Any CPU
		{072C5F9A-F517-4F38-A4E1-EBCEB1039BF0}.Release|Any CPU.Build.0 = Release|Any CPU
		{39F4EA2C-6816-4F59-AC1D-6017AD492D49}.Debug|Any CPU.ActiveCfg = Debug|Any CPU
		{39F4EA2C-6816-4F59-AC1D-6017AD492D49}.Debug|Any CPU.Build.0 = Debug|Any CPU
		{39F4EA2C-6816-4F59-AC1D-6017AD492D49}.Release|Any CPU.ActiveCfg = Release|Any CPU
		{39F4EA2C-6816-4F59-AC1D-6017AD492D49}.Release|Any CPU.Build.0 = Release|Any CPU
		{CB7B04E3-838B-4D70-B66E-3C615629B702}.Debug|Any CPU.ActiveCfg = Debug|Any CPU
		{CB7B04E3-838B-4D70-B66E-3C615629B702}.Debug|Any CPU.Build.0 = Debug|Any CPU
		{CB7B04E3-838B-4D70-B66E-3C615629B702}.Release|Any CPU.ActiveCfg = Release|Any CPU
		{CB7B04E3-838B-4D70-B66E-3C615629B702}.Release|Any CPU.Build.0 = Release|Any CPU
		{1C2B8CE0-5745-4518-8FD2-5713262E2B60}.Debug|Any CPU.ActiveCfg = Debug|Any CPU
		{1C2B8CE0-5745-4518-8FD2-5713262E2B60}.Debug|Any CPU.Build.0 = Debug|Any CPU
		{1C2B8CE0-5745-4518-8FD2-5713262E2B60}.Release|Any CPU.ActiveCfg = Release|Any CPU
		{1C2B8CE0-5745-4518-8FD2-5713262E2B60}.Release|Any CPU.Build.0 = Release|Any CPU
		{B3B199E8-7939-4952-B8DA-88B456D6DF8E}.Debug|Any CPU.ActiveCfg = Debug|Any CPU
		{B3B199E8-7939-4952-B8DA-88B456D6DF8E}.Debug|Any CPU.Build.0 = Debug|Any CPU
		{B3B199E8-7939-4952-B8DA-88B456D6DF8E}.Release|Any CPU.ActiveCfg = Release|Any CPU
		{B3B199E8-7939-4952-B8DA-88B456D6DF8E}.Release|Any CPU.Build.0 = Release|Any CPU
		{FB6D9F0A-40BD-416B-A49C-736DC13F45D3}.Debug|Any CPU.ActiveCfg = Debug|Any CPU
		{FB6D9F0A-40BD-416B-A49C-736DC13F45D3}.Debug|Any CPU.Build.0 = Debug|Any CPU
		{FB6D9F0A-40BD-416B-A49C-736DC13F45D3}.Release|Any CPU.ActiveCfg = Release|Any CPU
		{FB6D9F0A-40BD-416B-A49C-736DC13F45D3}.Release|Any CPU.Build.0 = Release|Any CPU
		{C8806DAD-ADAB-4117-A502-AB216B54C3A4}.Debug|Any CPU.ActiveCfg = Debug|Any CPU
		{C8806DAD-ADAB-4117-A502-AB216B54C3A4}.Debug|Any CPU.Build.0 = Debug|Any CPU
		{C8806DAD-ADAB-4117-A502-AB216B54C3A4}.Release|Any CPU.ActiveCfg = Release|Any CPU
		{C8806DAD-ADAB-4117-A502-AB216B54C3A4}.Release|Any CPU.Build.0 = Release|Any CPU
		{E3CF81D0-44B9-4A85-AB79-D988D721F625}.Debug|Any CPU.ActiveCfg = Debug|Any CPU
		{E3CF81D0-44B9-4A85-AB79-D988D721F625}.Debug|Any CPU.Build.0 = Debug|Any CPU
		{E3CF81D0-44B9-4A85-AB79-D988D721F625}.Release|Any CPU.ActiveCfg = Release|Any CPU
		{E3CF81D0-44B9-4A85-AB79-D988D721F625}.Release|Any CPU.Build.0 = Release|Any CPU
		{D720F33E-8ACE-4A56-A87A-C3039891330B}.Debug|Any CPU.ActiveCfg = Debug|Any CPU
		{D720F33E-8ACE-4A56-A87A-C3039891330B}.Debug|Any CPU.Build.0 = Debug|Any CPU
		{D720F33E-8ACE-4A56-A87A-C3039891330B}.Release|Any CPU.ActiveCfg = Release|Any CPU
		{D720F33E-8ACE-4A56-A87A-C3039891330B}.Release|Any CPU.Build.0 = Release|Any CPU
		{E6EDE7FB-BD6A-4620-8EE5-381AE2AEB4C0}.Debug|Any CPU.ActiveCfg = Debug|Any CPU
		{E6EDE7FB-BD6A-4620-8EE5-381AE2AEB4C0}.Debug|Any CPU.Build.0 = Debug|Any CPU
		{E6EDE7FB-BD6A-4620-8EE5-381AE2AEB4C0}.Release|Any CPU.ActiveCfg = Release|Any CPU
		{E6EDE7FB-BD6A-4620-8EE5-381AE2AEB4C0}.Release|Any CPU.Build.0 = Release|Any CPU
		{38CFAE47-DDED-4A0A-B62F-C946F17EDFB2}.Debug|Any CPU.ActiveCfg = Debug|Any CPU
		{38CFAE47-DDED-4A0A-B62F-C946F17EDFB2}.Debug|Any CPU.Build.0 = Debug|Any CPU
		{38CFAE47-DDED-4A0A-B62F-C946F17EDFB2}.Release|Any CPU.ActiveCfg = Release|Any CPU
		{38CFAE47-DDED-4A0A-B62F-C946F17EDFB2}.Release|Any CPU.Build.0 = Release|Any CPU
		{D46FAFF0-195F-49D9-95A1-8A4622430300}.Debug|Any CPU.ActiveCfg = Debug|Any CPU
		{D46FAFF0-195F-49D9-95A1-8A4622430300}.Debug|Any CPU.Build.0 = Debug|Any CPU
		{D46FAFF0-195F-49D9-95A1-8A4622430300}.Release|Any CPU.ActiveCfg = Release|Any CPU
		{D46FAFF0-195F-49D9-95A1-8A4622430300}.Release|Any CPU.Build.0 = Release|Any CPU
		{77EF3B54-D198-4EEA-844C-DF7194FA567C}.Debug|Any CPU.ActiveCfg = Debug|Any CPU
		{77EF3B54-D198-4EEA-844C-DF7194FA567C}.Debug|Any CPU.Build.0 = Debug|Any CPU
		{77EF3B54-D198-4EEA-844C-DF7194FA567C}.Release|Any CPU.ActiveCfg = Release|Any CPU
		{77EF3B54-D198-4EEA-844C-DF7194FA567C}.Release|Any CPU.Build.0 = Release|Any CPU
		{EC521C0F-9358-4C94-84F5-D41DEE2ABFEE}.Debug|Any CPU.ActiveCfg = Debug|Any CPU
		{EC521C0F-9358-4C94-84F5-D41DEE2ABFEE}.Debug|Any CPU.Build.0 = Debug|Any CPU
		{EC521C0F-9358-4C94-84F5-D41DEE2ABFEE}.Release|Any CPU.ActiveCfg = Release|Any CPU
		{EC521C0F-9358-4C94-84F5-D41DEE2ABFEE}.Release|Any CPU.Build.0 = Release|Any CPU
		{A85A3E34-51EF-424D-B3C8-0E842DBFFFF0}.Debug|Any CPU.ActiveCfg = Debug|Any CPU
		{A85A3E34-51EF-424D-B3C8-0E842DBFFFF0}.Debug|Any CPU.Build.0 = Debug|Any CPU
		{A85A3E34-51EF-424D-B3C8-0E842DBFFFF0}.Release|Any CPU.ActiveCfg = Release|Any CPU
		{A85A3E34-51EF-424D-B3C8-0E842DBFFFF0}.Release|Any CPU.Build.0 = Release|Any CPU
		{BBEA61C7-9093-4827-99A4-1764960A8E06}.Debug|Any CPU.ActiveCfg = Debug|Any CPU
		{BBEA61C7-9093-4827-99A4-1764960A8E06}.Debug|Any CPU.Build.0 = Debug|Any CPU
		{BBEA61C7-9093-4827-99A4-1764960A8E06}.Release|Any CPU.ActiveCfg = Release|Any CPU
		{BBEA61C7-9093-4827-99A4-1764960A8E06}.Release|Any CPU.Build.0 = Release|Any CPU
		{6B449A52-D8D4-42B3-ABB1-084AF0A66ADC}.Debug|Any CPU.ActiveCfg = Debug|Any CPU
		{6B449A52-D8D4-42B3-ABB1-084AF0A66ADC}.Debug|Any CPU.Build.0 = Debug|Any CPU
		{6B449A52-D8D4-42B3-ABB1-084AF0A66ADC}.Release|Any CPU.ActiveCfg = Release|Any CPU
		{6B449A52-D8D4-42B3-ABB1-084AF0A66ADC}.Release|Any CPU.Build.0 = Release|Any CPU
		{785619CD-85A6-4EA2-BE5B-508318310766}.Debug|Any CPU.ActiveCfg = Debug|Any CPU
		{785619CD-85A6-4EA2-BE5B-508318310766}.Debug|Any CPU.Build.0 = Debug|Any CPU
		{785619CD-85A6-4EA2-BE5B-508318310766}.Release|Any CPU.ActiveCfg = Release|Any CPU
		{785619CD-85A6-4EA2-BE5B-508318310766}.Release|Any CPU.Build.0 = Release|Any CPU
		{636220D9-BF7C-4450-BE01-56B702B2FD24}.Debug|Any CPU.ActiveCfg = Debug|Any CPU
		{636220D9-BF7C-4450-BE01-56B702B2FD24}.Debug|Any CPU.Build.0 = Debug|Any CPU
		{636220D9-BF7C-4450-BE01-56B702B2FD24}.Release|Any CPU.ActiveCfg = Release|Any CPU
		{636220D9-BF7C-4450-BE01-56B702B2FD24}.Release|Any CPU.Build.0 = Release|Any CPU
		{5D1E453D-6BC9-4C20-A406-248ADFA55D77}.Debug|Any CPU.ActiveCfg = Debug|Any CPU
		{5D1E453D-6BC9-4C20-A406-248ADFA55D77}.Debug|Any CPU.Build.0 = Debug|Any CPU
		{5D1E453D-6BC9-4C20-A406-248ADFA55D77}.Release|Any CPU.ActiveCfg = Release|Any CPU
		{5D1E453D-6BC9-4C20-A406-248ADFA55D77}.Release|Any CPU.Build.0 = Release|Any CPU
		{93DD9FC5-75CF-46A3-BEC9-0475CAE361CC}.Debug|Any CPU.ActiveCfg = Debug|Any CPU
		{93DD9FC5-75CF-46A3-BEC9-0475CAE361CC}.Debug|Any CPU.Build.0 = Debug|Any CPU
		{93DD9FC5-75CF-46A3-BEC9-0475CAE361CC}.Release|Any CPU.ActiveCfg = Release|Any CPU
		{93DD9FC5-75CF-46A3-BEC9-0475CAE361CC}.Release|Any CPU.Build.0 = Release|Any CPU
		{DB4EE62D-1302-4D50-892F-193BA11B08CA}.Debug|Any CPU.ActiveCfg = Debug|Any CPU
		{DB4EE62D-1302-4D50-892F-193BA11B08CA}.Debug|Any CPU.Build.0 = Debug|Any CPU
		{DB4EE62D-1302-4D50-892F-193BA11B08CA}.Release|Any CPU.ActiveCfg = Release|Any CPU
		{DB4EE62D-1302-4D50-892F-193BA11B08CA}.Release|Any CPU.Build.0 = Release|Any CPU
		{BCBDAA6C-1919-4664-A56A-182A402CC33C}.Debug|Any CPU.ActiveCfg = Debug|Any CPU
		{BCBDAA6C-1919-4664-A56A-182A402CC33C}.Debug|Any CPU.Build.0 = Debug|Any CPU
		{BCBDAA6C-1919-4664-A56A-182A402CC33C}.Release|Any CPU.ActiveCfg = Release|Any CPU
		{BCBDAA6C-1919-4664-A56A-182A402CC33C}.Release|Any CPU.Build.0 = Release|Any CPU
		{A52A72EF-9AEB-4CC8-832B-090749E0AA95}.Debug|Any CPU.ActiveCfg = Debug|Any CPU
		{A52A72EF-9AEB-4CC8-832B-090749E0AA95}.Debug|Any CPU.Build.0 = Debug|Any CPU
		{A52A72EF-9AEB-4CC8-832B-090749E0AA95}.Release|Any CPU.ActiveCfg = Release|Any CPU
		{A52A72EF-9AEB-4CC8-832B-090749E0AA95}.Release|Any CPU.Build.0 = Release|Any CPU
		{51C4EDC2-C56E-42B7-85AE-547D1D85B60F}.Debug|Any CPU.ActiveCfg = Debug|Any CPU
		{51C4EDC2-C56E-42B7-85AE-547D1D85B60F}.Debug|Any CPU.Build.0 = Debug|Any CPU
		{51C4EDC2-C56E-42B7-85AE-547D1D85B60F}.Release|Any CPU.ActiveCfg = Release|Any CPU
		{51C4EDC2-C56E-42B7-85AE-547D1D85B60F}.Release|Any CPU.Build.0 = Release|Any CPU
		{2BB23E8D-1F0F-489E-99E4-771AB60891A6}.Debug|Any CPU.ActiveCfg = Debug|Any CPU
		{2BB23E8D-1F0F-489E-99E4-771AB60891A6}.Debug|Any CPU.Build.0 = Debug|Any CPU
		{2BB23E8D-1F0F-489E-99E4-771AB60891A6}.Release|Any CPU.ActiveCfg = Release|Any CPU
		{2BB23E8D-1F0F-489E-99E4-771AB60891A6}.Release|Any CPU.Build.0 = Release|Any CPU
	EndGlobalSection
	GlobalSection(SolutionProperties) = preSolution
		HideSolutionNode = FALSE
	EndGlobalSection
	GlobalSection(NestedProjects) = preSolution
		{3FCB78BA-A552-4868-B31E-75B3D1BFD822} = {A01FC58F-F6EE-45BA-B783-A3D2E7F2F108}
		{EDA9BF92-D5C9-469E-8B24-A8173720B446} = {D0434DD7-37D0-4C92-9BF9-650C3308E76E}
		{63BEE412-CFE6-4A06-8D7D-5FF51A911A66} = {D0434DD7-37D0-4C92-9BF9-650C3308E76E}
		{A5819CBD-A3C3-4597-8256-CE5FD6FD1E02} = {D0434DD7-37D0-4C92-9BF9-650C3308E76E}
		{A3A46C44-00E3-4697-A7E0-F4444C04F836} = {D0434DD7-37D0-4C92-9BF9-650C3308E76E}
		{B5EF943A-C667-4CAE-A1F1-B8937999FE7F} = {D0434DD7-37D0-4C92-9BF9-650C3308E76E}
		{23D97208-FC4F-43DF-A23E-4E6152D268E7} = {D0434DD7-37D0-4C92-9BF9-650C3308E76E}
		{FAF8FED8-ACF0-490E-9EF6-6E0AF1FE4A71} = {D0434DD7-37D0-4C92-9BF9-650C3308E76E}
		{042925DB-A412-4CA2-AD80-5ABFD6BA0F6F} = {D0434DD7-37D0-4C92-9BF9-650C3308E76E}
		{D9F94638-FFA2-490D-95E8-A284E5810784} = {D0434DD7-37D0-4C92-9BF9-650C3308E76E}
		{5671F844-AFE2-41D2-ABF6-8A71BCC30784} = {D0434DD7-37D0-4C92-9BF9-650C3308E76E}
		{03371600-3800-472C-BE46-B6D897F95F48} = {EDA9BF92-D5C9-469E-8B24-A8173720B446}
		{8C81CD66-C7EE-4227-B7E2-EB1E7B2FB40B} = {EDA9BF92-D5C9-469E-8B24-A8173720B446}
		{5AF27C1D-85EA-4F1B-8535-CCAD1C3D232F} = {D3151AC8-B3DD-496D-A5E9-0C6BE93F4055}
		{1262EDD5-183D-41FF-A042-5EE0AB614F4E} = {5AF27C1D-85EA-4F1B-8535-CCAD1C3D232F}
		{C341CA0F-4125-4738-BAE9-477DA2CDEBCC} = {EDA9BF92-D5C9-469E-8B24-A8173720B446}
		{849A6E51-7A91-436D-9802-23DD857CBA00} = {63BEE412-CFE6-4A06-8D7D-5FF51A911A66}
		{9C196DD4-9E2E-4549-BAE8-7A4FFECC0895} = {63BEE412-CFE6-4A06-8D7D-5FF51A911A66}
		{9B41DA93-A597-497B-B0AA-E9DFF5959837} = {EDA9BF92-D5C9-469E-8B24-A8173720B446}
		{96626C12-8109-43DD-B1DF-CCB308B36E39} = {EDA9BF92-D5C9-469E-8B24-A8173720B446}
		{20831B05-404C-4709-B481-6F2B18726BD9} = {D3151AC8-B3DD-496D-A5E9-0C6BE93F4055}
		{406D3515-780C-4128-8D5F-007B65EB36CD} = {20831B05-404C-4709-B481-6F2B18726BD9}
		{7F12807E-03C6-4FE1-9967-B486D4CE19FE} = {A5819CBD-A3C3-4597-8256-CE5FD6FD1E02}
		{AAB277D2-0C6A-400E-8AB8-6DF04BCE4565} = {A5819CBD-A3C3-4597-8256-CE5FD6FD1E02}
		{870CF568-FABE-45E0-A757-48E8A0691F78} = {D3151AC8-B3DD-496D-A5E9-0C6BE93F4055}
		{159DA84A-AE22-448D-9232-1DD8AA12B417} = {870CF568-FABE-45E0-A757-48E8A0691F78}
		{96E1AF5F-E7B2-49EE-9EB5-0B8C6576B285} = {A3A46C44-00E3-4697-A7E0-F4444C04F836}
		{B2901E71-7A44-4ACA-918B-CEECD679A8FF} = {A3A46C44-00E3-4697-A7E0-F4444C04F836}
		{7E0DC5FD-2D07-429B-8ED7-B6DA6D55AC3C} = {D3151AC8-B3DD-496D-A5E9-0C6BE93F4055}
		{997B6776-92EE-47B0-80AB-A5784492E26D} = {7E0DC5FD-2D07-429B-8ED7-B6DA6D55AC3C}
		{6AC9DB8E-7F72-4570-B6C8-35A032AE4D72} = {B5EF943A-C667-4CAE-A1F1-B8937999FE7F}
		{C09017BA-05C6-4E65-B8F8-12A1AA2DE055} = {B5EF943A-C667-4CAE-A1F1-B8937999FE7F}
		{AA933EC7-CEDE-4D8D-994B-16D5A6429A5B} = {D3151AC8-B3DD-496D-A5E9-0C6BE93F4055}
		{5C5CACBB-623F-439F-B6CD-0128DDED288B} = {AA933EC7-CEDE-4D8D-994B-16D5A6429A5B}
		{14963CD9-6A4D-41BF-A948-E5CE0AB41F44} = {23D97208-FC4F-43DF-A23E-4E6152D268E7}
		{377845B1-7465-45F5-8561-6A274D501C0A} = {D3151AC8-B3DD-496D-A5E9-0C6BE93F4055}
		{ECE62017-DF68-4684-A0A3-7395F4B05AFB} = {377845B1-7465-45F5-8561-6A274D501C0A}
		{2F3BB449-8872-4811-986F-699F0E1E554E} = {FAF8FED8-ACF0-490E-9EF6-6E0AF1FE4A71}
		{401585DE-9C44-489E-891B-8BF6395A9DCE} = {FAF8FED8-ACF0-490E-9EF6-6E0AF1FE4A71}
		{9CDA6E7F-AD83-4402-A93C-7BFF3FE29638} = {D3151AC8-B3DD-496D-A5E9-0C6BE93F4055}
		{672EEC93-C60A-431E-9491-7D83A6E15818} = {9CDA6E7F-AD83-4402-A93C-7BFF3FE29638}
		{17740C15-9C48-498E-9A7D-D1FEC689B4F3} = {FAF8FED8-ACF0-490E-9EF6-6E0AF1FE4A71}
		{8AC65E8F-37DF-4AF7-BF24-BCDEA0DF0800} = {FAF8FED8-ACF0-490E-9EF6-6E0AF1FE4A71}
		{072C5F9A-F517-4F38-A4E1-EBCEB1039BF0} = {042925DB-A412-4CA2-AD80-5ABFD6BA0F6F}
		{39F4EA2C-6816-4F59-AC1D-6017AD492D49} = {042925DB-A412-4CA2-AD80-5ABFD6BA0F6F}
		{BADD3487-4090-4CAD-A7FB-5C9D8C43D33A} = {D3151AC8-B3DD-496D-A5E9-0C6BE93F4055}
		{CB7B04E3-838B-4D70-B66E-3C615629B702} = {BADD3487-4090-4CAD-A7FB-5C9D8C43D33A}
		{1C2B8CE0-5745-4518-8FD2-5713262E2B60} = {BADD3487-4090-4CAD-A7FB-5C9D8C43D33A}
		{B3B199E8-7939-4952-B8DA-88B456D6DF8E} = {042925DB-A412-4CA2-AD80-5ABFD6BA0F6F}
		{FB6D9F0A-40BD-416B-A49C-736DC13F45D3} = {D9F94638-FFA2-490D-95E8-A284E5810784}
		{C8806DAD-ADAB-4117-A502-AB216B54C3A4} = {D9F94638-FFA2-490D-95E8-A284E5810784}
		{E3CF81D0-44B9-4A85-AB79-D988D721F625} = {E55F68C4-3600-40A2-9B86-F180F4817623}
		{D720F33E-8ACE-4A56-A87A-C3039891330B} = {D9F94638-FFA2-490D-95E8-A284E5810784}
		{BD3E9EB5-7671-40BF-B3CF-08BDDD3B6AAD} = {D3151AC8-B3DD-496D-A5E9-0C6BE93F4055}
		{E6EDE7FB-BD6A-4620-8EE5-381AE2AEB4C0} = {5671F844-AFE2-41D2-ABF6-8A71BCC30784}
		{38CFAE47-DDED-4A0A-B62F-C946F17EDFB2} = {5671F844-AFE2-41D2-ABF6-8A71BCC30784}
		{D46FAFF0-195F-49D9-95A1-8A4622430300} = {BD3E9EB5-7671-40BF-B3CF-08BDDD3B6AAD}
		{7253B2A9-622E-41DD-B3FF-034C2E8C8C0C} = {D0434DD7-37D0-4C92-9BF9-650C3308E76E}
		{77EF3B54-D198-4EEA-844C-DF7194FA567C} = {7253B2A9-622E-41DD-B3FF-034C2E8C8C0C}
		{EC521C0F-9358-4C94-84F5-D41DEE2ABFEE} = {7253B2A9-622E-41DD-B3FF-034C2E8C8C0C}
		{96D72D5C-6EE4-46B6-ADCA-8FF309A2AA1B} = {D3151AC8-B3DD-496D-A5E9-0C6BE93F4055}
		{A85A3E34-51EF-424D-B3C8-0E842DBFFFF0} = {96D72D5C-6EE4-46B6-ADCA-8FF309A2AA1B}
		{BBEA61C7-9093-4827-99A4-1764960A8E06} = {63BEE412-CFE6-4A06-8D7D-5FF51A911A66}
		{352DEB71-4C4E-4305-B56F-DC401481AC98} = {D0434DD7-37D0-4C92-9BF9-650C3308E76E}
		{6B449A52-D8D4-42B3-ABB1-084AF0A66ADC} = {352DEB71-4C4E-4305-B56F-DC401481AC98}
		{785619CD-85A6-4EA2-BE5B-508318310766} = {352DEB71-4C4E-4305-B56F-DC401481AC98}
		{F8B00D75-8ACD-48CF-98DE-6DF37385203B} = {D3151AC8-B3DD-496D-A5E9-0C6BE93F4055}
		{636220D9-BF7C-4450-BE01-56B702B2FD24} = {F8B00D75-8ACD-48CF-98DE-6DF37385203B}
		{5D1E453D-6BC9-4C20-A406-248ADFA55D77} = {A01FC58F-F6EE-45BA-B783-A3D2E7F2F108}
		{93DD9FC5-75CF-46A3-BEC9-0475CAE361CC} = {A01FC58F-F6EE-45BA-B783-A3D2E7F2F108}
		{DB4EE62D-1302-4D50-892F-193BA11B08CA} = {E55F68C4-3600-40A2-9B86-F180F4817623}
		{BCBDAA6C-1919-4664-A56A-182A402CC33C} = {E55F68C4-3600-40A2-9B86-F180F4817623}
		{A52A72EF-9AEB-4CC8-832B-090749E0AA95} = {A01FC58F-F6EE-45BA-B783-A3D2E7F2F108}
		{51C4EDC2-C56E-42B7-85AE-547D1D85B60F} = {23D97208-FC4F-43DF-A23E-4E6152D268E7}
		{2BB23E8D-1F0F-489E-99E4-771AB60891A6} = {23D97208-FC4F-43DF-A23E-4E6152D268E7}
	EndGlobalSection
	GlobalSection(ExtensibilityGlobals) = postSolution
		SolutionGuid = {54E67EA7-D94E-47A1-9CD6-B48453B04539}
	EndGlobalSection
EndGlobal
