
Microsoft Visual Studio Solution File, Format Version 12.00
# Visual Studio Version 16
VisualStudioVersion = 16.0.31129.286
MinimumVisualStudioVersion = 10.0.40219.1
Project("{2150E333-8FDC-42A3-9474-1A3956D46DE8}") = "10 Core", "10 Core", "{A01FC58F-F6EE-45BA-B783-A3D2E7F2F108}"
EndProject
Project("{9A19103F-16F7-4668-BE54-9A1E7A4F7556}") = "Signals.Core", "..\10 Core\Signals.Core\Signals.Core.csproj", "{3FCB78BA-A552-4868-B31E-75B3D1BFD822}"
EndProject
Project("{2150E333-8FDC-42A3-9474-1A3956D46DE8}") = "05 Aspects", "05 Aspects", "{D0434DD7-37D0-4C92-9BF9-650C3308E76E}"
EndProject
Project("{2150E333-8FDC-42A3-9474-1A3956D46DE8}") = "01 Bootstrapping and DI", "01 Bootstrapping and DI", "{EDA9BF92-D5C9-469E-8B24-A8173720B446}"
EndProject
Project("{2150E333-8FDC-42A3-9474-1A3956D46DE8}") = "02 Configuration", "02 Configuration", "{63BEE412-CFE6-4A06-8D7D-5FF51A911A66}"
EndProject
Project("{2150E333-8FDC-42A3-9474-1A3956D46DE8}") = "03 Logging", "03 Logging", "{A5819CBD-A3C3-4597-8256-CE5FD6FD1E02}"
EndProject
Project("{2150E333-8FDC-42A3-9474-1A3956D46DE8}") = "04 Auditing", "04 Auditing", "{A3A46C44-00E3-4697-A7E0-F4444C04F836}"
EndProject
Project("{2150E333-8FDC-42A3-9474-1A3956D46DE8}") = "05 Caching", "05 Caching", "{B5EF943A-C667-4CAE-A1F1-B8937999FE7F}"
EndProject
Project("{2150E333-8FDC-42A3-9474-1A3956D46DE8}") = "06 Localization", "06 Localization", "{23D97208-FC4F-43DF-A23E-4E6152D268E7}"
EndProject
Project("{2150E333-8FDC-42A3-9474-1A3956D46DE8}") = "07 Storage", "07 Storage", "{FAF8FED8-ACF0-490E-9EF6-6E0AF1FE4A71}"
EndProject
Project("{2150E333-8FDC-42A3-9474-1A3956D46DE8}") = "08 Communication channels", "08 Communication channels", "{042925DB-A412-4CA2-AD80-5ABFD6BA0F6F}"
EndProject
Project("{2150E333-8FDC-42A3-9474-1A3956D46DE8}") = "09 Authentication and authorization", "09 Authentication and authorization", "{D9F94638-FFA2-490D-95E8-A284E5810784}"
EndProject
Project("{2150E333-8FDC-42A3-9474-1A3956D46DE8}") = "10 Background processing", "10 Background processing", "{5671F844-AFE2-41D2-ABF6-8A71BCC30784}"
EndProject
Project("{9A19103F-16F7-4668-BE54-9A1E7A4F7556}") = "Signals.Aspects.DI", "..\05 Aspects\01 Bootstrapping and DI\Signals.Aspects.DI\Signals.Aspects.DI.csproj", "{03371600-3800-472C-BE46-B6D897F95F48}"
EndProject
Project("{9A19103F-16F7-4668-BE54-9A1E7A4F7556}") = "Signals.Aspects.Configuration", "..\05 Aspects\02 Configuration\Signals.Aspects.Configuration\Signals.Aspects.Configuration.csproj", "{849A6E51-7A91-436D-9802-23DD857CBA00}"
EndProject
Project("{9A19103F-16F7-4668-BE54-9A1E7A4F7556}") = "Signals.Aspects.Logging", "..\05 Aspects\03 Logging\Signals.Aspects.Logging\Signals.Aspects.Logging.csproj", "{7F12807E-03C6-4FE1-9967-B486D4CE19FE}"
EndProject
Project("{9A19103F-16F7-4668-BE54-9A1E7A4F7556}") = "Signals.Aspects.Auditing", "..\05 Aspects\04 Auditing\Signals.Aspects.Auditing\Signals.Aspects.Auditing.csproj", "{96E1AF5F-E7B2-49EE-9EB5-0B8C6576B285}"
EndProject
Project("{9A19103F-16F7-4668-BE54-9A1E7A4F7556}") = "Signals.Aspects.Caching", "..\05 Aspects\05 Caching\Signals.Aspects.Caching\Signals.Aspects.Caching.csproj", "{6AC9DB8E-7F72-4570-B6C8-35A032AE4D72}"
EndProject
Project("{9A19103F-16F7-4668-BE54-9A1E7A4F7556}") = "Signals.Aspects.Localization", "..\05 Aspects\06 Localization\Signals.Aspects.Localization\Signals.Aspects.Localization.csproj", "{14963CD9-6A4D-41BF-A948-E5CE0AB41F44}"
EndProject
Project("{9A19103F-16F7-4668-BE54-9A1E7A4F7556}") = "Signals.Aspects.Storage", "..\05 Aspects\07 Storage\Signals.Aspects.Storage\Signals.Aspects.Storage.csproj", "{2F3BB449-8872-4811-986F-699F0E1E554E}"
EndProject
Project("{9A19103F-16F7-4668-BE54-9A1E7A4F7556}") = "Signals.Aspects.CommunicationChannels", "..\05 Aspects\08 Communication channels\Signals.Aspects.CommunicationChannels\Signals.Aspects.CommunicationChannels.csproj", "{072C5F9A-F517-4F38-A4E1-EBCEB1039BF0}"
EndProject
Project("{9A19103F-16F7-4668-BE54-9A1E7A4F7556}") = "Signals.Aspects.Auth", "..\05 Aspects\09 Authentication and authorization\Signals.Aspects.Auth\Signals.Aspects.Auth.csproj", "{FB6D9F0A-40BD-416B-A49C-736DC13F45D3}"
EndProject
Project("{9A19103F-16F7-4668-BE54-9A1E7A4F7556}") = "Signals.Aspects.BackgroundProcessing", "..\05 Aspects\10 Background processing\Signals.Aspects.BackgroundProcessing\Signals.Aspects.BackgroundProcessing.csproj", "{E6EDE7FB-BD6A-4620-8EE5-381AE2AEB4C0}"
EndProject
Project("{2150E333-8FDC-42A3-9474-1A3956D46DE8}") = "11 Error handling", "11 Error handling", "{7253B2A9-622E-41DD-B3FF-034C2E8C8C0C}"
EndProject
Project("{9A19103F-16F7-4668-BE54-9A1E7A4F7556}") = "Signals.Aspects.ErrorHandling", "..\05 Aspects\11 Error handling\Signals.Aspects.ErrorHandling\Signals.Aspects.ErrorHandling.csproj", "{77EF3B54-D198-4EEA-844C-DF7194FA567C}"
EndProject
Project("{2150E333-8FDC-42A3-9474-1A3956D46DE8}") = "12 Security", "12 Security", "{352DEB71-4C4E-4305-B56F-DC401481AC98}"
EndProject
Project("{9A19103F-16F7-4668-BE54-9A1E7A4F7556}") = "Signals.Aspects.Security", "..\05 Aspects\12 Security\Signals.Aspects.Security\Signals.Aspects.Security.csproj", "{6B449A52-D8D4-42B3-ABB1-084AF0A66ADC}"
EndProject
Project("{9A19103F-16F7-4668-BE54-9A1E7A4F7556}") = "Signals.Core.Web", "..\15 Hosting\Signals.Core.Web\Signals.Core.Web.csproj", "{5D1E453D-6BC9-4C20-A406-248ADFA55D77}"
EndProject
Project("{9A19103F-16F7-4668-BE54-9A1E7A4F7556}") = "Signals.Core.Background", "..\15 Hosting\Signals.Core.Background\Signals.Core.Background.csproj", "{93DD9FC5-75CF-46A3-BEC9-0475CAE361CC}"
EndProject
Project("{2150E333-8FDC-42A3-9474-1A3956D46DE8}") = "15 Hosting", "15 Hosting", "{C0D0F511-FF15-427F-85C7-34F48EE15503}"
EndProject
Project("{2150E333-8FDC-42A3-9474-1A3956D46DE8}") = "13 Benchmarking", "13 Benchmarking", "{A67F5365-7789-4A28-8F38-053E951C6989}"
EndProject
Project("{9A19103F-16F7-4668-BE54-9A1E7A4F7556}") = "Signals.Aspects.Benchmarking", "..\05 Aspects\13 Benchmarking\Signals.Aspects.Benchmarking\Signals.Aspects.Benchmarking.csproj", "{B8EE1806-4F80-4660-BE29-E9E1B82BA60B}"
EndProject
Project("{9A19103F-16F7-4668-BE54-9A1E7A4F7556}") = "Signals.Core.Common", "..\10 Core\Signals.Core.Common\Signals.Core.Common.csproj", "{E763CFB2-8FA3-4FB1-9708-D7C9FBB6461D}"
EndProject
Project("{9A19103F-16F7-4668-BE54-9A1E7A4F7556}") = "Signals.Clients.WebApi", "..\20 Clients\Signals.Clients.WebApi\Signals.Clients.WebApi.csproj", "{FCE3497A-7579-4F50-8664-CBD0ED495CDD}"
EndProject
Project("{9A19103F-16F7-4668-BE54-9A1E7A4F7556}") = "Signals.Aspects.Auth.NetCore", "..\..\src-extensibility\05 Aspects\09 Authentication and authorization\Signals.Aspects.Auth.NetCore\Signals.Aspects.Auth.NetCore.csproj", "{7963D4AC-CA90-473B-B36F-76E91E6B5B6C}"
EndProject
Project("{2150E333-8FDC-42A3-9474-1A3956D46DE8}") = "20 Clients", "20 Clients", "{17308260-9198-4178-B358-4C6CFB845009}"
EndProject
Project("{2150E333-8FDC-42A3-9474-1A3956D46DE8}") = "Aspect_Implementations", "Aspect_Implementations", "{0E6C18CA-60F4-4A97-A0AE-D4001A24A0E7}"
EndProject
Project("{9A19103F-16F7-4668-BE54-9A1E7A4F7556}") = "Signals.Aspects.Localization.File", "..\..\src-extensibility\05 Aspects\06 Localization\Signals.Aspects.Localization.File\Signals.Aspects.Localization.File.csproj", "{3EC937C6-9B2D-4B52-84B4-C2153A87FA34}"
EndProject
Project("{9A19103F-16F7-4668-BE54-9A1E7A4F7556}") = "Signals.Aspects.Caching.InMemory", "..\..\src-extensibility\05 Aspects\05 Caching\Signals.Aspects.Caching.InMemory\Signals.Aspects.Caching.InMemory.csproj", "{77067DAA-00AE-4F92-A789-9C67EB8FA6E3}"
EndProject
Project("{9A19103F-16F7-4668-BE54-9A1E7A4F7556}") = "Signals.Aspects.Logging.NLog", "..\..\src-extensibility\05 Aspects\03 Logging\Signals.Aspects.Logging.NLog\Signals.Aspects.Logging.NLog.csproj", "{45B5BD25-7233-4F32-913D-AA5B32BF1D53}"
EndProject
Project("{9A19103F-16F7-4668-BE54-9A1E7A4F7556}") = "Signals.Aspects.DI.Autofac", "..\..\src-extensibility\05 Aspects\01 Bootstrapping and DI\Signals.Aspects.DI.Autofac\Signals.Aspects.DI.Autofac.csproj", "{683ECDE5-FB59-45F8-942A-B623CA321B50}"
EndProject
Project("{9A19103F-16F7-4668-BE54-9A1E7A4F7556}") = "Signals.Aspects.Configuration.File", "..\..\src-extensibility\05 Aspects\02 Configuration\Signals.Aspects.Configuration.File\Signals.Aspects.Configuration.File.csproj", "{80797595-8405-407C-8B83-CB24B251D938}"
EndProject
Project("{9A19103F-16F7-4668-BE54-9A1E7A4F7556}") = "Signals.Aspects.CommunicationChannels.MsSql", "..\..\src-extensibility\05 Aspects\08 Communication channels\Signals.Aspects.CommunicationChannels.MsSql\Signals.Aspects.CommunicationChannels.MsSql.csproj", "{E23CBE45-6F06-4E64-BCD6-34CE52572F3D}"
EndProject
Project("{9A19103F-16F7-4668-BE54-9A1E7A4F7556}") = "Signals.Aspects.BackgroundProcessing.FluentScheduler", "..\..\src-extensibility\05 Aspects\10 Background processing\Signals.Aspects.BackgroundProcessing.FluentScheduler\Signals.Aspects.BackgroundProcessing.FluentScheduler.csproj", "{27B6068F-64A3-436A-8251-7633D1D8D736}"
EndProject
Global
	GlobalSection(SolutionConfigurationPlatforms) = preSolution
		Debug|Any CPU = Debug|Any CPU
		Release|Any CPU = Release|Any CPU
	EndGlobalSection
	GlobalSection(ProjectConfigurationPlatforms) = postSolution
		{3FCB78BA-A552-4868-B31E-75B3D1BFD822}.Debug|Any CPU.ActiveCfg = Debug|Any CPU
		{3FCB78BA-A552-4868-B31E-75B3D1BFD822}.Debug|Any CPU.Build.0 = Debug|Any CPU
		{3FCB78BA-A552-4868-B31E-75B3D1BFD822}.Release|Any CPU.ActiveCfg = Release|Any CPU
		{3FCB78BA-A552-4868-B31E-75B3D1BFD822}.Release|Any CPU.Build.0 = Release|Any CPU
		{03371600-3800-472C-BE46-B6D897F95F48}.Debug|Any CPU.ActiveCfg = Debug|Any CPU
		{03371600-3800-472C-BE46-B6D897F95F48}.Debug|Any CPU.Build.0 = Debug|Any CPU
		{03371600-3800-472C-BE46-B6D897F95F48}.Release|Any CPU.ActiveCfg = Release|Any CPU
		{03371600-3800-472C-BE46-B6D897F95F48}.Release|Any CPU.Build.0 = Release|Any CPU
		{849A6E51-7A91-436D-9802-23DD857CBA00}.Debug|Any CPU.ActiveCfg = Debug|Any CPU
		{849A6E51-7A91-436D-9802-23DD857CBA00}.Debug|Any CPU.Build.0 = Debug|Any CPU
		{849A6E51-7A91-436D-9802-23DD857CBA00}.Release|Any CPU.ActiveCfg = Release|Any CPU
		{849A6E51-7A91-436D-9802-23DD857CBA00}.Release|Any CPU.Build.0 = Release|Any CPU
		{7F12807E-03C6-4FE1-9967-B486D4CE19FE}.Debug|Any CPU.ActiveCfg = Debug|Any CPU
		{7F12807E-03C6-4FE1-9967-B486D4CE19FE}.Debug|Any CPU.Build.0 = Debug|Any CPU
		{7F12807E-03C6-4FE1-9967-B486D4CE19FE}.Release|Any CPU.ActiveCfg = Release|Any CPU
		{7F12807E-03C6-4FE1-9967-B486D4CE19FE}.Release|Any CPU.Build.0 = Release|Any CPU
		{96E1AF5F-E7B2-49EE-9EB5-0B8C6576B285}.Debug|Any CPU.ActiveCfg = Debug|Any CPU
		{96E1AF5F-E7B2-49EE-9EB5-0B8C6576B285}.Debug|Any CPU.Build.0 = Debug|Any CPU
		{96E1AF5F-E7B2-49EE-9EB5-0B8C6576B285}.Release|Any CPU.ActiveCfg = Release|Any CPU
		{96E1AF5F-E7B2-49EE-9EB5-0B8C6576B285}.Release|Any CPU.Build.0 = Release|Any CPU
		{6AC9DB8E-7F72-4570-B6C8-35A032AE4D72}.Debug|Any CPU.ActiveCfg = Debug|Any CPU
		{6AC9DB8E-7F72-4570-B6C8-35A032AE4D72}.Debug|Any CPU.Build.0 = Debug|Any CPU
		{6AC9DB8E-7F72-4570-B6C8-35A032AE4D72}.Release|Any CPU.ActiveCfg = Release|Any CPU
		{6AC9DB8E-7F72-4570-B6C8-35A032AE4D72}.Release|Any CPU.Build.0 = Release|Any CPU
		{14963CD9-6A4D-41BF-A948-E5CE0AB41F44}.Debug|Any CPU.ActiveCfg = Debug|Any CPU
		{14963CD9-6A4D-41BF-A948-E5CE0AB41F44}.Debug|Any CPU.Build.0 = Debug|Any CPU
		{14963CD9-6A4D-41BF-A948-E5CE0AB41F44}.Release|Any CPU.ActiveCfg = Release|Any CPU
		{14963CD9-6A4D-41BF-A948-E5CE0AB41F44}.Release|Any CPU.Build.0 = Release|Any CPU
		{2F3BB449-8872-4811-986F-699F0E1E554E}.Debug|Any CPU.ActiveCfg = Debug|Any CPU
		{2F3BB449-8872-4811-986F-699F0E1E554E}.Debug|Any CPU.Build.0 = Debug|Any CPU
		{2F3BB449-8872-4811-986F-699F0E1E554E}.Release|Any CPU.ActiveCfg = Release|Any CPU
		{2F3BB449-8872-4811-986F-699F0E1E554E}.Release|Any CPU.Build.0 = Release|Any CPU
		{072C5F9A-F517-4F38-A4E1-EBCEB1039BF0}.Debug|Any CPU.ActiveCfg = Debug|Any CPU
		{072C5F9A-F517-4F38-A4E1-EBCEB1039BF0}.Debug|Any CPU.Build.0 = Debug|Any CPU
		{072C5F9A-F517-4F38-A4E1-EBCEB1039BF0}.Release|Any CPU.ActiveCfg = Release|Any CPU
		{072C5F9A-F517-4F38-A4E1-EBCEB1039BF0}.Release|Any CPU.Build.0 = Release|Any CPU
		{FB6D9F0A-40BD-416B-A49C-736DC13F45D3}.Debug|Any CPU.ActiveCfg = Debug|Any CPU
		{FB6D9F0A-40BD-416B-A49C-736DC13F45D3}.Debug|Any CPU.Build.0 = Debug|Any CPU
		{FB6D9F0A-40BD-416B-A49C-736DC13F45D3}.Release|Any CPU.ActiveCfg = Release|Any CPU
		{FB6D9F0A-40BD-416B-A49C-736DC13F45D3}.Release|Any CPU.Build.0 = Release|Any CPU
		{E6EDE7FB-BD6A-4620-8EE5-381AE2AEB4C0}.Debug|Any CPU.ActiveCfg = Debug|Any CPU
		{E6EDE7FB-BD6A-4620-8EE5-381AE2AEB4C0}.Debug|Any CPU.Build.0 = Debug|Any CPU
		{E6EDE7FB-BD6A-4620-8EE5-381AE2AEB4C0}.Release|Any CPU.ActiveCfg = Release|Any CPU
		{E6EDE7FB-BD6A-4620-8EE5-381AE2AEB4C0}.Release|Any CPU.Build.0 = Release|Any CPU
		{77EF3B54-D198-4EEA-844C-DF7194FA567C}.Debug|Any CPU.ActiveCfg = Debug|Any CPU
		{77EF3B54-D198-4EEA-844C-DF7194FA567C}.Debug|Any CPU.Build.0 = Debug|Any CPU
		{77EF3B54-D198-4EEA-844C-DF7194FA567C}.Release|Any CPU.ActiveCfg = Release|Any CPU
		{77EF3B54-D198-4EEA-844C-DF7194FA567C}.Release|Any CPU.Build.0 = Release|Any CPU
		{6B449A52-D8D4-42B3-ABB1-084AF0A66ADC}.Debug|Any CPU.ActiveCfg = Debug|Any CPU
		{6B449A52-D8D4-42B3-ABB1-084AF0A66ADC}.Debug|Any CPU.Build.0 = Debug|Any CPU
		{6B449A52-D8D4-42B3-ABB1-084AF0A66ADC}.Release|Any CPU.ActiveCfg = Release|Any CPU
		{6B449A52-D8D4-42B3-ABB1-084AF0A66ADC}.Release|Any CPU.Build.0 = Release|Any CPU
		{5D1E453D-6BC9-4C20-A406-248ADFA55D77}.Debug|Any CPU.ActiveCfg = Debug|Any CPU
		{5D1E453D-6BC9-4C20-A406-248ADFA55D77}.Debug|Any CPU.Build.0 = Debug|Any CPU
		{5D1E453D-6BC9-4C20-A406-248ADFA55D77}.Release|Any CPU.ActiveCfg = Release|Any CPU
		{5D1E453D-6BC9-4C20-A406-248ADFA55D77}.Release|Any CPU.Build.0 = Release|Any CPU
		{93DD9FC5-75CF-46A3-BEC9-0475CAE361CC}.Debug|Any CPU.ActiveCfg = Debug|Any CPU
		{93DD9FC5-75CF-46A3-BEC9-0475CAE361CC}.Debug|Any CPU.Build.0 = Debug|Any CPU
		{93DD9FC5-75CF-46A3-BEC9-0475CAE361CC}.Release|Any CPU.ActiveCfg = Release|Any CPU
		{93DD9FC5-75CF-46A3-BEC9-0475CAE361CC}.Release|Any CPU.Build.0 = Release|Any CPU
		{B8EE1806-4F80-4660-BE29-E9E1B82BA60B}.Debug|Any CPU.ActiveCfg = Debug|Any CPU
		{B8EE1806-4F80-4660-BE29-E9E1B82BA60B}.Debug|Any CPU.Build.0 = Debug|Any CPU
		{B8EE1806-4F80-4660-BE29-E9E1B82BA60B}.Release|Any CPU.ActiveCfg = Release|Any CPU
		{B8EE1806-4F80-4660-BE29-E9E1B82BA60B}.Release|Any CPU.Build.0 = Release|Any CPU
		{E763CFB2-8FA3-4FB1-9708-D7C9FBB6461D}.Debug|Any CPU.ActiveCfg = Debug|Any CPU
		{E763CFB2-8FA3-4FB1-9708-D7C9FBB6461D}.Debug|Any CPU.Build.0 = Debug|Any CPU
		{E763CFB2-8FA3-4FB1-9708-D7C9FBB6461D}.Release|Any CPU.ActiveCfg = Release|Any CPU
		{E763CFB2-8FA3-4FB1-9708-D7C9FBB6461D}.Release|Any CPU.Build.0 = Release|Any CPU
		{FCE3497A-7579-4F50-8664-CBD0ED495CDD}.Debug|Any CPU.ActiveCfg = Debug|Any CPU
		{FCE3497A-7579-4F50-8664-CBD0ED495CDD}.Debug|Any CPU.Build.0 = Debug|Any CPU
		{FCE3497A-7579-4F50-8664-CBD0ED495CDD}.Release|Any CPU.ActiveCfg = Release|Any CPU
		{FCE3497A-7579-4F50-8664-CBD0ED495CDD}.Release|Any CPU.Build.0 = Release|Any CPU
		{7963D4AC-CA90-473B-B36F-76E91E6B5B6C}.Debug|Any CPU.ActiveCfg = Debug|Any CPU
		{7963D4AC-CA90-473B-B36F-76E91E6B5B6C}.Debug|Any CPU.Build.0 = Debug|Any CPU
		{7963D4AC-CA90-473B-B36F-76E91E6B5B6C}.Release|Any CPU.ActiveCfg = Release|Any CPU
		{7963D4AC-CA90-473B-B36F-76E91E6B5B6C}.Release|Any CPU.Build.0 = Release|Any CPU
		{3EC937C6-9B2D-4B52-84B4-C2153A87FA34}.Debug|Any CPU.ActiveCfg = Debug|Any CPU
		{3EC937C6-9B2D-4B52-84B4-C2153A87FA34}.Debug|Any CPU.Build.0 = Debug|Any CPU
		{3EC937C6-9B2D-4B52-84B4-C2153A87FA34}.Release|Any CPU.ActiveCfg = Release|Any CPU
		{3EC937C6-9B2D-4B52-84B4-C2153A87FA34}.Release|Any CPU.Build.0 = Release|Any CPU
		{77067DAA-00AE-4F92-A789-9C67EB8FA6E3}.Debug|Any CPU.ActiveCfg = Debug|Any CPU
		{77067DAA-00AE-4F92-A789-9C67EB8FA6E3}.Debug|Any CPU.Build.0 = Debug|Any CPU
		{77067DAA-00AE-4F92-A789-9C67EB8FA6E3}.Release|Any CPU.ActiveCfg = Release|Any CPU
		{77067DAA-00AE-4F92-A789-9C67EB8FA6E3}.Release|Any CPU.Build.0 = Release|Any CPU
		{45B5BD25-7233-4F32-913D-AA5B32BF1D53}.Debug|Any CPU.ActiveCfg = Debug|Any CPU
		{45B5BD25-7233-4F32-913D-AA5B32BF1D53}.Debug|Any CPU.Build.0 = Debug|Any CPU
		{45B5BD25-7233-4F32-913D-AA5B32BF1D53}.Release|Any CPU.ActiveCfg = Release|Any CPU
		{45B5BD25-7233-4F32-913D-AA5B32BF1D53}.Release|Any CPU.Build.0 = Release|Any CPU
		{683ECDE5-FB59-45F8-942A-B623CA321B50}.Debug|Any CPU.ActiveCfg = Debug|Any CPU
		{683ECDE5-FB59-45F8-942A-B623CA321B50}.Debug|Any CPU.Build.0 = Debug|Any CPU
		{683ECDE5-FB59-45F8-942A-B623CA321B50}.Release|Any CPU.ActiveCfg = Release|Any CPU
		{683ECDE5-FB59-45F8-942A-B623CA321B50}.Release|Any CPU.Build.0 = Release|Any CPU
		{80797595-8405-407C-8B83-CB24B251D938}.Debug|Any CPU.ActiveCfg = Debug|Any CPU
		{80797595-8405-407C-8B83-CB24B251D938}.Debug|Any CPU.Build.0 = Debug|Any CPU
		{80797595-8405-407C-8B83-CB24B251D938}.Release|Any CPU.ActiveCfg = Release|Any CPU
		{80797595-8405-407C-8B83-CB24B251D938}.Release|Any CPU.Build.0 = Release|Any CPU
		{E23CBE45-6F06-4E64-BCD6-34CE52572F3D}.Debug|Any CPU.ActiveCfg = Debug|Any CPU
		{E23CBE45-6F06-4E64-BCD6-34CE52572F3D}.Debug|Any CPU.Build.0 = Debug|Any CPU
		{E23CBE45-6F06-4E64-BCD6-34CE52572F3D}.Release|Any CPU.ActiveCfg = Release|Any CPU
		{E23CBE45-6F06-4E64-BCD6-34CE52572F3D}.Release|Any CPU.Build.0 = Release|Any CPU
		{27B6068F-64A3-436A-8251-7633D1D8D736}.Debug|Any CPU.ActiveCfg = Debug|Any CPU
		{27B6068F-64A3-436A-8251-7633D1D8D736}.Debug|Any CPU.Build.0 = Debug|Any CPU
		{27B6068F-64A3-436A-8251-7633D1D8D736}.Release|Any CPU.ActiveCfg = Release|Any CPU
		{27B6068F-64A3-436A-8251-7633D1D8D736}.Release|Any CPU.Build.0 = Release|Any CPU
	EndGlobalSection
	GlobalSection(SolutionProperties) = preSolution
		HideSolutionNode = FALSE
	EndGlobalSection
	GlobalSection(NestedProjects) = preSolution
		{3FCB78BA-A552-4868-B31E-75B3D1BFD822} = {A01FC58F-F6EE-45BA-B783-A3D2E7F2F108}
		{EDA9BF92-D5C9-469E-8B24-A8173720B446} = {D0434DD7-37D0-4C92-9BF9-650C3308E76E}
		{63BEE412-CFE6-4A06-8D7D-5FF51A911A66} = {D0434DD7-37D0-4C92-9BF9-650C3308E76E}
		{A5819CBD-A3C3-4597-8256-CE5FD6FD1E02} = {D0434DD7-37D0-4C92-9BF9-650C3308E76E}
		{A3A46C44-00E3-4697-A7E0-F4444C04F836} = {D0434DD7-37D0-4C92-9BF9-650C3308E76E}
		{B5EF943A-C667-4CAE-A1F1-B8937999FE7F} = {D0434DD7-37D0-4C92-9BF9-650C3308E76E}
		{23D97208-FC4F-43DF-A23E-4E6152D268E7} = {D0434DD7-37D0-4C92-9BF9-650C3308E76E}
		{FAF8FED8-ACF0-490E-9EF6-6E0AF1FE4A71} = {D0434DD7-37D0-4C92-9BF9-650C3308E76E}
		{042925DB-A412-4CA2-AD80-5ABFD6BA0F6F} = {D0434DD7-37D0-4C92-9BF9-650C3308E76E}
		{D9F94638-FFA2-490D-95E8-A284E5810784} = {D0434DD7-37D0-4C92-9BF9-650C3308E76E}
		{5671F844-AFE2-41D2-ABF6-8A71BCC30784} = {D0434DD7-37D0-4C92-9BF9-650C3308E76E}
		{03371600-3800-472C-BE46-B6D897F95F48} = {EDA9BF92-D5C9-469E-8B24-A8173720B446}
		{849A6E51-7A91-436D-9802-23DD857CBA00} = {63BEE412-CFE6-4A06-8D7D-5FF51A911A66}
		{7F12807E-03C6-4FE1-9967-B486D4CE19FE} = {A5819CBD-A3C3-4597-8256-CE5FD6FD1E02}
		{96E1AF5F-E7B2-49EE-9EB5-0B8C6576B285} = {A3A46C44-00E3-4697-A7E0-F4444C04F836}
		{6AC9DB8E-7F72-4570-B6C8-35A032AE4D72} = {B5EF943A-C667-4CAE-A1F1-B8937999FE7F}
		{14963CD9-6A4D-41BF-A948-E5CE0AB41F44} = {23D97208-FC4F-43DF-A23E-4E6152D268E7}
		{2F3BB449-8872-4811-986F-699F0E1E554E} = {FAF8FED8-ACF0-490E-9EF6-6E0AF1FE4A71}
		{072C5F9A-F517-4F38-A4E1-EBCEB1039BF0} = {042925DB-A412-4CA2-AD80-5ABFD6BA0F6F}
		{FB6D9F0A-40BD-416B-A49C-736DC13F45D3} = {D9F94638-FFA2-490D-95E8-A284E5810784}
		{E6EDE7FB-BD6A-4620-8EE5-381AE2AEB4C0} = {5671F844-AFE2-41D2-ABF6-8A71BCC30784}
		{7253B2A9-622E-41DD-B3FF-034C2E8C8C0C} = {D0434DD7-37D0-4C92-9BF9-650C3308E76E}
		{77EF3B54-D198-4EEA-844C-DF7194FA567C} = {7253B2A9-622E-41DD-B3FF-034C2E8C8C0C}
		{352DEB71-4C4E-4305-B56F-DC401481AC98} = {D0434DD7-37D0-4C92-9BF9-650C3308E76E}
		{6B449A52-D8D4-42B3-ABB1-084AF0A66ADC} = {352DEB71-4C4E-4305-B56F-DC401481AC98}
		{5D1E453D-6BC9-4C20-A406-248ADFA55D77} = {C0D0F511-FF15-427F-85C7-34F48EE15503}
		{93DD9FC5-75CF-46A3-BEC9-0475CAE361CC} = {C0D0F511-FF15-427F-85C7-34F48EE15503}
		{A67F5365-7789-4A28-8F38-053E951C6989} = {D0434DD7-37D0-4C92-9BF9-650C3308E76E}
		{B8EE1806-4F80-4660-BE29-E9E1B82BA60B} = {A67F5365-7789-4A28-8F38-053E951C6989}
		{E763CFB2-8FA3-4FB1-9708-D7C9FBB6461D} = {A01FC58F-F6EE-45BA-B783-A3D2E7F2F108}
		{FCE3497A-7579-4F50-8664-CBD0ED495CDD} = {17308260-9198-4178-B358-4C6CFB845009}
		{7963D4AC-CA90-473B-B36F-76E91E6B5B6C} = {0E6C18CA-60F4-4A97-A0AE-D4001A24A0E7}
		{0E6C18CA-60F4-4A97-A0AE-D4001A24A0E7} = {17308260-9198-4178-B358-4C6CFB845009}
		{3EC937C6-9B2D-4B52-84B4-C2153A87FA34} = {0E6C18CA-60F4-4A97-A0AE-D4001A24A0E7}
		{77067DAA-00AE-4F92-A789-9C67EB8FA6E3} = {0E6C18CA-60F4-4A97-A0AE-D4001A24A0E7}
		{45B5BD25-7233-4F32-913D-AA5B32BF1D53} = {0E6C18CA-60F4-4A97-A0AE-D4001A24A0E7}
		{683ECDE5-FB59-45F8-942A-B623CA321B50} = {0E6C18CA-60F4-4A97-A0AE-D4001A24A0E7}
		{80797595-8405-407C-8B83-CB24B251D938} = {0E6C18CA-60F4-4A97-A0AE-D4001A24A0E7}
		{E23CBE45-6F06-4E64-BCD6-34CE52572F3D} = {0E6C18CA-60F4-4A97-A0AE-D4001A24A0E7}
		{27B6068F-64A3-436A-8251-7633D1D8D736} = {0E6C18CA-60F4-4A97-A0AE-D4001A24A0E7}
	EndGlobalSection
	GlobalSection(ExtensibilityGlobals) = postSolution
		SolutionGuid = {54E67EA7-D94E-47A1-9CD6-B48453B04539}
	EndGlobalSection
EndGlobal
